// !$*UTF8*$!
{
	archiveVersion = 1;
	classes = {
	};
	objectVersion = 46;
	objects = {

/* Begin PBXBuildFile section */
		9F97ED90D251420C1EB932F5 /* Pods_RideGirl.framework in Frameworks */ = {isa = PBXBuildFile; fileRef = 36F7713304DB02680F4305B9 /* Pods_RideGirl.framework */; };
		EF3602D21CFDCC0000ABD8AD /* main.m in Sources */ = {isa = PBXBuildFile; fileRef = EF3602D11CFDCC0000ABD8AD /* main.m */; };
		EF3602EB1CFDCC0000ABD8AD /* RideGirlTests.m in Sources */ = {isa = PBXBuildFile; fileRef = EF3602EA1CFDCC0000ABD8AD /* RideGirlTests.m */; };
		EF3602F61CFDCC0000ABD8AD /* RideGirlUITests.m in Sources */ = {isa = PBXBuildFile; fileRef = EF3602F51CFDCC0000ABD8AD /* RideGirlUITests.m */; };
		EF3603071CFDCD6C00ABD8AD /* Assets.xcassets in Resources */ = {isa = PBXBuildFile; fileRef = EF3603061CFDCD6C00ABD8AD /* Assets.xcassets */; };
		EFA7CBA61CFED8D00097FA52 /* UIBarButtonItem+LHBUIBarButtonItemExtension.m in Sources */ = {isa = PBXBuildFile; fileRef = EFA7CB901CFED8D00097FA52 /* UIBarButtonItem+LHBUIBarButtonItemExtension.m */; };
		EFA7CBA71CFED8D00097FA52 /* UIView+LHBFrameExtension.m in Sources */ = {isa = PBXBuildFile; fileRef = EFA7CB921CFED8D00097FA52 /* UIView+LHBFrameExtension.m */; };
		EFA7CBA81CFED8D00097FA52 /* LHBTabBar.m in Sources */ = {isa = PBXBuildFile; fileRef = EFA7CB971CFED8D00097FA52 /* LHBTabBar.m */; };
		EFA7CBA91CFED8D00097FA52 /* LHBTabBarViewController.m in Sources */ = {isa = PBXBuildFile; fileRef = EFA7CB991CFED8D00097FA52 /* LHBTabBarViewController.m */; };
		EFA7CBAA1CFED8D00097FA52 /* LHBEssenceViewController.m in Sources */ = {isa = PBXBuildFile; fileRef = EFA7CB9C1CFED8D00097FA52 /* LHBEssenceViewController.m */; };
		EFA7CBAB1CFED8D00097FA52 /* LHBFriendTrendsViewController.m in Sources */ = {isa = PBXBuildFile; fileRef = EFA7CB9F1CFED8D00097FA52 /* LHBFriendTrendsViewController.m */; };
		EFA7CBAC1CFED8D00097FA52 /* LHBMeViewController.m in Sources */ = {isa = PBXBuildFile; fileRef = EFA7CBA21CFED8D00097FA52 /* LHBMeViewController.m */; };
		EFA7CBAD1CFED8D00097FA52 /* LHBNewViewController.m in Sources */ = {isa = PBXBuildFile; fileRef = EFA7CBA51CFED8D00097FA52 /* LHBNewViewController.m */; };
		EFA7CBB01CFED90D0097FA52 /* AppDelegate.m in Sources */ = {isa = PBXBuildFile; fileRef = EFA7CBAF1CFED90D0097FA52 /* AppDelegate.m */; };
		EFA7CBB31CFEE2370097FA52 /* LHBUINavigationController.m in Sources */ = {isa = PBXBuildFile; fileRef = EFA7CBB21CFEE2370097FA52 /* LHBUINavigationController.m */; };
		EFA7CBB91CFEEB2B0097FA52 /* LHBTestVC.m in Sources */ = {isa = PBXBuildFile; fileRef = EFA7CBB81CFEEB2B0097FA52 /* LHBTestVC.m */; };
/* End PBXBuildFile section */

/* Begin PBXContainerItemProxy section */
		EF3602E71CFDCC0000ABD8AD /* PBXContainerItemProxy */ = {
			isa = PBXContainerItemProxy;
			containerPortal = EF3602C51CFDCC0000ABD8AD /* Project object */;
			proxyType = 1;
			remoteGlobalIDString = EF3602CC1CFDCC0000ABD8AD;
			remoteInfo = RideGirl;
		};
		EF3602F21CFDCC0000ABD8AD /* PBXContainerItemProxy */ = {
			isa = PBXContainerItemProxy;
			containerPortal = EF3602C51CFDCC0000ABD8AD /* Project object */;
			proxyType = 1;
			remoteGlobalIDString = EF3602CC1CFDCC0000ABD8AD;
			remoteInfo = RideGirl;
		};
/* End PBXContainerItemProxy section */

/* Begin PBXFileReference section */
		36F7713304DB02680F4305B9 /* Pods_RideGirl.framework */ = {isa = PBXFileReference; explicitFileType = wrapper.framework; includeInIndex = 0; path = Pods_RideGirl.framework; sourceTree = BUILT_PRODUCTS_DIR; };
		B18E73453938C145A53A055B /* Pods-RideGirl.release.xcconfig */ = {isa = PBXFileReference; includeInIndex = 1; lastKnownFileType = text.xcconfig; name = "Pods-RideGirl.release.xcconfig"; path = "Pods/Target Support Files/Pods-RideGirl/Pods-RideGirl.release.xcconfig"; sourceTree = "<group>"; };
		D3068E2231FA0651355DB87D /* Pods-RideGirl.debug.xcconfig */ = {isa = PBXFileReference; includeInIndex = 1; lastKnownFileType = text.xcconfig; name = "Pods-RideGirl.debug.xcconfig"; path = "Pods/Target Support Files/Pods-RideGirl/Pods-RideGirl.debug.xcconfig"; sourceTree = "<group>"; };
		EF3602CD1CFDCC0000ABD8AD /* RideGirl.app */ = {isa = PBXFileReference; explicitFileType = wrapper.application; includeInIndex = 0; path = RideGirl.app; sourceTree = BUILT_PRODUCTS_DIR; };
		EF3602D11CFDCC0000ABD8AD /* main.m */ = {isa = PBXFileReference; lastKnownFileType = sourcecode.c.objc; path = main.m; sourceTree = "<group>"; };
		EF3602E11CFDCC0000ABD8AD /* Info.plist */ = {isa = PBXFileReference; lastKnownFileType = text.plist.xml; path = Info.plist; sourceTree = "<group>"; };
		EF3602E61CFDCC0000ABD8AD /* RideGirlTests.xctest */ = {isa = PBXFileReference; explicitFileType = wrapper.cfbundle; includeInIndex = 0; path = RideGirlTests.xctest; sourceTree = BUILT_PRODUCTS_DIR; };
		EF3602EA1CFDCC0000ABD8AD /* RideGirlTests.m */ = {isa = PBXFileReference; lastKnownFileType = sourcecode.c.objc; path = RideGirlTests.m; sourceTree = "<group>"; };
		EF3602EC1CFDCC0000ABD8AD /* Info.plist */ = {isa = PBXFileReference; lastKnownFileType = text.plist.xml; path = Info.plist; sourceTree = "<group>"; };
		EF3602F11CFDCC0000ABD8AD /* RideGirlUITests.xctest */ = {isa = PBXFileReference; explicitFileType = wrapper.cfbundle; includeInIndex = 0; path = RideGirlUITests.xctest; sourceTree = BUILT_PRODUCTS_DIR; };
		EF3602F51CFDCC0000ABD8AD /* RideGirlUITests.m */ = {isa = PBXFileReference; lastKnownFileType = sourcecode.c.objc; path = RideGirlUITests.m; sourceTree = "<group>"; };
		EF3602F71CFDCC0000ABD8AD /* Info.plist */ = {isa = PBXFileReference; lastKnownFileType = text.plist.xml; path = Info.plist; sourceTree = "<group>"; };
		EF3603061CFDCD6C00ABD8AD /* Assets.xcassets */ = {isa = PBXFileReference; lastKnownFileType = folder.assetcatalog; path = Assets.xcassets; sourceTree = "<group>"; };
		EFA7CB841CFEB9300097FA52 /* PrefixHeader.pch */ = {isa = PBXFileReference; lastKnownFileType = sourcecode.c.h; path = PrefixHeader.pch; sourceTree = "<group>"; };
		EFA7CB8F1CFED8D00097FA52 /* UIBarButtonItem+LHBUIBarButtonItemExtension.h */ = {isa = PBXFileReference; fileEncoding = 4; lastKnownFileType = sourcecode.c.h; path = "UIBarButtonItem+LHBUIBarButtonItemExtension.h"; sourceTree = "<group>"; };
		EFA7CB901CFED8D00097FA52 /* UIBarButtonItem+LHBUIBarButtonItemExtension.m */ = {isa = PBXFileReference; fileEncoding = 4; lastKnownFileType = sourcecode.c.objc; path = "UIBarButtonItem+LHBUIBarButtonItemExtension.m"; sourceTree = "<group>"; };
		EFA7CB911CFED8D00097FA52 /* UIView+LHBFrameExtension.h */ = {isa = PBXFileReference; fileEncoding = 4; lastKnownFileType = sourcecode.c.h; path = "UIView+LHBFrameExtension.h"; sourceTree = "<group>"; };
		EFA7CB921CFED8D00097FA52 /* UIView+LHBFrameExtension.m */ = {isa = PBXFileReference; fileEncoding = 4; lastKnownFileType = sourcecode.c.objc; path = "UIView+LHBFrameExtension.m"; sourceTree = "<group>"; };
		EFA7CB961CFED8D00097FA52 /* LHBTabBar.h */ = {isa = PBXFileReference; fileEncoding = 4; lastKnownFileType = sourcecode.c.h; path = LHBTabBar.h; sourceTree = "<group>"; };
		EFA7CB971CFED8D00097FA52 /* LHBTabBar.m */ = {isa = PBXFileReference; fileEncoding = 4; lastKnownFileType = sourcecode.c.objc; path = LHBTabBar.m; sourceTree = "<group>"; };
		EFA7CB981CFED8D00097FA52 /* LHBTabBarViewController.h */ = {isa = PBXFileReference; fileEncoding = 4; lastKnownFileType = sourcecode.c.h; path = LHBTabBarViewController.h; sourceTree = "<group>"; };
		EFA7CB991CFED8D00097FA52 /* LHBTabBarViewController.m */ = {isa = PBXFileReference; fileEncoding = 4; lastKnownFileType = sourcecode.c.objc; path = LHBTabBarViewController.m; sourceTree = "<group>"; };
		EFA7CB9B1CFED8D00097FA52 /* LHBEssenceViewController.h */ = {isa = PBXFileReference; fileEncoding = 4; lastKnownFileType = sourcecode.c.h; path = LHBEssenceViewController.h; sourceTree = "<group>"; };
		EFA7CB9C1CFED8D00097FA52 /* LHBEssenceViewController.m */ = {isa = PBXFileReference; fileEncoding = 4; lastKnownFileType = sourcecode.c.objc; path = LHBEssenceViewController.m; sourceTree = "<group>"; };
		EFA7CB9E1CFED8D00097FA52 /* LHBFriendTrendsViewController.h */ = {isa = PBXFileReference; fileEncoding = 4; lastKnownFileType = sourcecode.c.h; path = LHBFriendTrendsViewController.h; sourceTree = "<group>"; };
		EFA7CB9F1CFED8D00097FA52 /* LHBFriendTrendsViewController.m */ = {isa = PBXFileReference; fileEncoding = 4; lastKnownFileType = sourcecode.c.objc; path = LHBFriendTrendsViewController.m; sourceTree = "<group>"; };
		EFA7CBA11CFED8D00097FA52 /* LHBMeViewController.h */ = {isa = PBXFileReference; fileEncoding = 4; lastKnownFileType = sourcecode.c.h; path = LHBMeViewController.h; sourceTree = "<group>"; };
		EFA7CBA21CFED8D00097FA52 /* LHBMeViewController.m */ = {isa = PBXFileReference; fileEncoding = 4; lastKnownFileType = sourcecode.c.objc; path = LHBMeViewController.m; sourceTree = "<group>"; };
		EFA7CBA41CFED8D00097FA52 /* LHBNewViewController.h */ = {isa = PBXFileReference; fileEncoding = 4; lastKnownFileType = sourcecode.c.h; path = LHBNewViewController.h; sourceTree = "<group>"; };
		EFA7CBA51CFED8D00097FA52 /* LHBNewViewController.m */ = {isa = PBXFileReference; fileEncoding = 4; lastKnownFileType = sourcecode.c.objc; path = LHBNewViewController.m; sourceTree = "<group>"; };
		EFA7CBAE1CFED90D0097FA52 /* AppDelegate.h */ = {isa = PBXFileReference; fileEncoding = 4; lastKnownFileType = sourcecode.c.h; path = AppDelegate.h; sourceTree = "<group>"; };
		EFA7CBAF1CFED90D0097FA52 /* AppDelegate.m */ = {isa = PBXFileReference; fileEncoding = 4; lastKnownFileType = sourcecode.c.objc; path = AppDelegate.m; sourceTree = "<group>"; };
		EFA7CBB11CFEE2370097FA52 /* LHBUINavigationController.h */ = {isa = PBXFileReference; fileEncoding = 4; lastKnownFileType = sourcecode.c.h; path = LHBUINavigationController.h; sourceTree = "<group>"; };
		EFA7CBB21CFEE2370097FA52 /* LHBUINavigationController.m */ = {isa = PBXFileReference; fileEncoding = 4; lastKnownFileType = sourcecode.c.objc; path = LHBUINavigationController.m; sourceTree = "<group>"; };
		EFA7CBB71CFEEB2B0097FA52 /* LHBTestVC.h */ = {isa = PBXFileReference; fileEncoding = 4; lastKnownFileType = sourcecode.c.h; path = LHBTestVC.h; sourceTree = "<group>"; };
		EFA7CBB81CFEEB2B0097FA52 /* LHBTestVC.m */ = {isa = PBXFileReference; fileEncoding = 4; lastKnownFileType = sourcecode.c.objc; path = LHBTestVC.m; sourceTree = "<group>"; };
/* End PBXFileReference section */

/* Begin PBXFrameworksBuildPhase section */
		EF3602CA1CFDCC0000ABD8AD /* Frameworks */ = {
			isa = PBXFrameworksBuildPhase;
			buildActionMask = 2147483647;
			files = (
				9F97ED90D251420C1EB932F5 /* Pods_RideGirl.framework in Frameworks */,
			);
			runOnlyForDeploymentPostprocessing = 0;
		};
		EF3602E31CFDCC0000ABD8AD /* Frameworks */ = {
			isa = PBXFrameworksBuildPhase;
			buildActionMask = 2147483647;
			files = (
			);
			runOnlyForDeploymentPostprocessing = 0;
		};
		EF3602EE1CFDCC0000ABD8AD /* Frameworks */ = {
			isa = PBXFrameworksBuildPhase;
			buildActionMask = 2147483647;
			files = (
			);
			runOnlyForDeploymentPostprocessing = 0;
		};
/* End PBXFrameworksBuildPhase section */

/* Begin PBXGroup section */
		2F8B056318D7D424C52C6D22 /* Pods */ = {
			isa = PBXGroup;
			children = (
				D3068E2231FA0651355DB87D /* Pods-RideGirl.debug.xcconfig */,
				B18E73453938C145A53A055B /* Pods-RideGirl.release.xcconfig */,
			);
			name = Pods;
			sourceTree = "<group>";
		};
		8BD8DBB746901FD207C0E279 /* Frameworks */ = {
			isa = PBXGroup;
			children = (
				36F7713304DB02680F4305B9 /* Pods_RideGirl.framework */,
			);
			name = Frameworks;
			sourceTree = "<group>";
		};
		EF3602C41CFDCC0000ABD8AD = {
			isa = PBXGroup;
			children = (
				EF3602CF1CFDCC0000ABD8AD /* RideGirl */,
				EF3602E91CFDCC0000ABD8AD /* RideGirlTests */,
				EF3602F41CFDCC0000ABD8AD /* RideGirlUITests */,
				EF3602CE1CFDCC0000ABD8AD /* Products */,
				2F8B056318D7D424C52C6D22 /* Pods */,
				8BD8DBB746901FD207C0E279 /* Frameworks */,
			);
			sourceTree = "<group>";
		};
		EF3602CE1CFDCC0000ABD8AD /* Products */ = {
			isa = PBXGroup;
			children = (
				EF3602CD1CFDCC0000ABD8AD /* RideGirl.app */,
				EF3602E61CFDCC0000ABD8AD /* RideGirlTests.xctest */,
				EF3602F11CFDCC0000ABD8AD /* RideGirlUITests.xctest */,
			);
			name = Products;
			sourceTree = "<group>";
		};
		EF3602CF1CFDCC0000ABD8AD /* RideGirl */ = {
			isa = PBXGroup;
			children = (
				EFA7CB8E1CFED8D00097FA52 /* Extension */,
				EFA7CB931CFED8D00097FA52 /* Libs */,
				EFA7CB941CFED8D00097FA52 /* MainRideGirl */,
				EF3603061CFDCD6C00ABD8AD /* Assets.xcassets */,
				EF3602D01CFDCC0000ABD8AD /* Supporting Files */,
			);
			path = RideGirl;
			sourceTree = "<group>";
		};
		EF3602D01CFDCC0000ABD8AD /* Supporting Files */ = {
			isa = PBXGroup;
			children = (
				EF3602E11CFDCC0000ABD8AD /* Info.plist */,
				EF3602D11CFDCC0000ABD8AD /* main.m */,
				EFA7CB841CFEB9300097FA52 /* PrefixHeader.pch */,
			);
			name = "Supporting Files";
			sourceTree = "<group>";
		};
		EF3602E91CFDCC0000ABD8AD /* RideGirlTests */ = {
			isa = PBXGroup;
			children = (
				EF3602EA1CFDCC0000ABD8AD /* RideGirlTests.m */,
				EF3602EC1CFDCC0000ABD8AD /* Info.plist */,
			);
			path = RideGirlTests;
			sourceTree = "<group>";
		};
		EF3602F41CFDCC0000ABD8AD /* RideGirlUITests */ = {
			isa = PBXGroup;
			children = (
				EF3602F51CFDCC0000ABD8AD /* RideGirlUITests.m */,
				EF3602F71CFDCC0000ABD8AD /* Info.plist */,
			);
			path = RideGirlUITests;
			sourceTree = "<group>";
		};
		EFA7CB8E1CFED8D00097FA52 /* Extension */ = {
			isa = PBXGroup;
			children = (
				EFA7CB8F1CFED8D00097FA52 /* UIBarButtonItem+LHBUIBarButtonItemExtension.h */,
				EFA7CB901CFED8D00097FA52 /* UIBarButtonItem+LHBUIBarButtonItemExtension.m */,
				EFA7CB911CFED8D00097FA52 /* UIView+LHBFrameExtension.h */,
				EFA7CB921CFED8D00097FA52 /* UIView+LHBFrameExtension.m */,
			);
			path = Extension;
			sourceTree = "<group>";
		};
		EFA7CB931CFED8D00097FA52 /* Libs */ = {
			isa = PBXGroup;
			children = (
			);
			path = Libs;
			sourceTree = "<group>";
		};
		EFA7CB941CFED8D00097FA52 /* MainRideGirl */ = {
			isa = PBXGroup;
			children = (
				EFA7CB951CFED8D00097FA52 /* BaseRideGirl */,
				EFA7CB9A1CFED8D00097FA52 /* Essence */,
				EFA7CB9D1CFED8D00097FA52 /* FriendTrends */,
				EFA7CBA01CFED8D00097FA52 /* Me */,
				EFA7CBA31CFED8D00097FA52 /* New */,
			);
			path = MainRideGirl;
			sourceTree = "<group>";
		};
		EFA7CB951CFED8D00097FA52 /* BaseRideGirl */ = {
			isa = PBXGroup;
			children = (
				EFA7CB961CFED8D00097FA52 /* LHBTabBar.h */,
				EFA7CB971CFED8D00097FA52 /* LHBTabBar.m */,
				EFA7CB981CFED8D00097FA52 /* LHBTabBarViewController.h */,
				EFA7CB991CFED8D00097FA52 /* LHBTabBarViewController.m */,
				EFA7CBB11CFEE2370097FA52 /* LHBUINavigationController.h */,
				EFA7CBB21CFEE2370097FA52 /* LHBUINavigationController.m */,
				EFA7CBAE1CFED90D0097FA52 /* AppDelegate.h */,
				EFA7CBAF1CFED90D0097FA52 /* AppDelegate.m */,
			);
			path = BaseRideGirl;
			sourceTree = "<group>";
		};
		EFA7CB9A1CFED8D00097FA52 /* Essence */ = {
			isa = PBXGroup;
			children = (
				EFA7CB9B1CFED8D00097FA52 /* LHBEssenceViewController.h */,
				EFA7CB9C1CFED8D00097FA52 /* LHBEssenceViewController.m */,
				EFA7CBB71CFEEB2B0097FA52 /* LHBTestVC.h */,
				EFA7CBB81CFEEB2B0097FA52 /* LHBTestVC.m */,
			);
			path = Essence;
			sourceTree = "<group>";
		};
		EFA7CB9D1CFED8D00097FA52 /* FriendTrends */ = {
			isa = PBXGroup;
			children = (
				EFA7CB9E1CFED8D00097FA52 /* LHBFriendTrendsViewController.h */,
				EFA7CB9F1CFED8D00097FA52 /* LHBFriendTrendsViewController.m */,
			);
			path = FriendTrends;
			sourceTree = "<group>";
		};
		EFA7CBA01CFED8D00097FA52 /* Me */ = {
			isa = PBXGroup;
			children = (
				EFA7CBA11CFED8D00097FA52 /* LHBMeViewController.h */,
				EFA7CBA21CFED8D00097FA52 /* LHBMeViewController.m */,
			);
			path = Me;
			sourceTree = "<group>";
		};
		EFA7CBA31CFED8D00097FA52 /* New */ = {
			isa = PBXGroup;
			children = (
				EFA7CBA41CFED8D00097FA52 /* LHBNewViewController.h */,
				EFA7CBA51CFED8D00097FA52 /* LHBNewViewController.m */,
			);
			path = New;
			sourceTree = "<group>";
		};
/* End PBXGroup section */

/* Begin PBXNativeTarget section */
		EF3602CC1CFDCC0000ABD8AD /* RideGirl */ = {
			isa = PBXNativeTarget;
			buildConfigurationList = EF3602FA1CFDCC0000ABD8AD /* Build configuration list for PBXNativeTarget "RideGirl" */;
			buildPhases = (
				51D95599377942324F2FDC89 /* Check Pods Manifest.lock */,
				EF3602C91CFDCC0000ABD8AD /* Sources */,
				EF3602CA1CFDCC0000ABD8AD /* Frameworks */,
				EF3602CB1CFDCC0000ABD8AD /* Resources */,
				246A3EF45E080B8F077F6CEA /* Embed Pods Frameworks */,
				55796770D2E531FC569A83BA /* Copy Pods Resources */,
			);
			buildRules = (
			);
			dependencies = (
			);
			name = RideGirl;
			productName = RideGirl;
			productReference = EF3602CD1CFDCC0000ABD8AD /* RideGirl.app */;
			productType = "com.apple.product-type.application";
		};
		EF3602E51CFDCC0000ABD8AD /* RideGirlTests */ = {
			isa = PBXNativeTarget;
			buildConfigurationList = EF3602FD1CFDCC0000ABD8AD /* Build configuration list for PBXNativeTarget "RideGirlTests" */;
			buildPhases = (
				EF3602E21CFDCC0000ABD8AD /* Sources */,
				EF3602E31CFDCC0000ABD8AD /* Frameworks */,
				EF3602E41CFDCC0000ABD8AD /* Resources */,
			);
			buildRules = (
			);
			dependencies = (
				EF3602E81CFDCC0000ABD8AD /* PBXTargetDependency */,
			);
			name = RideGirlTests;
			productName = RideGirlTests;
			productReference = EF3602E61CFDCC0000ABD8AD /* RideGirlTests.xctest */;
			productType = "com.apple.product-type.bundle.unit-test";
		};
		EF3602F01CFDCC0000ABD8AD /* RideGirlUITests */ = {
			isa = PBXNativeTarget;
			buildConfigurationList = EF3603001CFDCC0000ABD8AD /* Build configuration list for PBXNativeTarget "RideGirlUITests" */;
			buildPhases = (
				EF3602ED1CFDCC0000ABD8AD /* Sources */,
				EF3602EE1CFDCC0000ABD8AD /* Frameworks */,
				EF3602EF1CFDCC0000ABD8AD /* Resources */,
			);
			buildRules = (
			);
			dependencies = (
				EF3602F31CFDCC0000ABD8AD /* PBXTargetDependency */,
			);
			name = RideGirlUITests;
			productName = RideGirlUITests;
			productReference = EF3602F11CFDCC0000ABD8AD /* RideGirlUITests.xctest */;
			productType = "com.apple.product-type.bundle.ui-testing";
		};
/* End PBXNativeTarget section */

/* Begin PBXProject section */
		EF3602C51CFDCC0000ABD8AD /* Project object */ = {
			isa = PBXProject;
			attributes = {
				CLASSPREFIX = LHB;
				LastUpgradeCheck = 0730;
				ORGANIZATIONNAME = LHB;
				TargetAttributes = {
					EF3602CC1CFDCC0000ABD8AD = {
						CreatedOnToolsVersion = 7.3;
						DevelopmentTeam = 52GUR5R28T;
					};
					EF3602E51CFDCC0000ABD8AD = {
						CreatedOnToolsVersion = 7.3;
						DevelopmentTeam = 52GUR5R28T;
						TestTargetID = EF3602CC1CFDCC0000ABD8AD;
					};
					EF3602F01CFDCC0000ABD8AD = {
						CreatedOnToolsVersion = 7.3;
						DevelopmentTeam = 52GUR5R28T;
						TestTargetID = EF3602CC1CFDCC0000ABD8AD;
					};
				};
			};
			buildConfigurationList = EF3602C81CFDCC0000ABD8AD /* Build configuration list for PBXProject "RideGirl" */;
			compatibilityVersion = "Xcode 3.2";
			developmentRegion = English;
			hasScannedForEncodings = 0;
			knownRegions = (
				en,
				Base,
			);
			mainGroup = EF3602C41CFDCC0000ABD8AD;
			productRefGroup = EF3602CE1CFDCC0000ABD8AD /* Products */;
			projectDirPath = "";
			projectRoot = "";
			targets = (
				EF3602CC1CFDCC0000ABD8AD /* RideGirl */,
				EF3602E51CFDCC0000ABD8AD /* RideGirlTests */,
				EF3602F01CFDCC0000ABD8AD /* RideGirlUITests */,
			);
		};
/* End PBXProject section */

/* Begin PBXResourcesBuildPhase section */
		EF3602CB1CFDCC0000ABD8AD /* Resources */ = {
			isa = PBXResourcesBuildPhase;
			buildActionMask = 2147483647;
			files = (
				EF3603071CFDCD6C00ABD8AD /* Assets.xcassets in Resources */,
			);
			runOnlyForDeploymentPostprocessing = 0;
		};
		EF3602E41CFDCC0000ABD8AD /* Resources */ = {
			isa = PBXResourcesBuildPhase;
			buildActionMask = 2147483647;
			files = (
			);
			runOnlyForDeploymentPostprocessing = 0;
		};
		EF3602EF1CFDCC0000ABD8AD /* Resources */ = {
			isa = PBXResourcesBuildPhase;
			buildActionMask = 2147483647;
			files = (
			);
			runOnlyForDeploymentPostprocessing = 0;
		};
/* End PBXResourcesBuildPhase section */

/* Begin PBXShellScriptBuildPhase section */
		246A3EF45E080B8F077F6CEA /* Embed Pods Frameworks */ = {
			isa = PBXShellScriptBuildPhase;
			buildActionMask = 2147483647;
			files = (
			);
			inputPaths = (
			);
			name = "Embed Pods Frameworks";
			outputPaths = (
			);
			runOnlyForDeploymentPostprocessing = 0;
			shellPath = /bin/sh;
			shellScript = "\"${SRCROOT}/Pods/Target Support Files/Pods-RideGirl/Pods-RideGirl-frameworks.sh\"\n";
			showEnvVarsInLog = 0;
		};
		51D95599377942324F2FDC89 /* Check Pods Manifest.lock */ = {
			isa = PBXShellScriptBuildPhase;
			buildActionMask = 2147483647;
			files = (
			);
			inputPaths = (
			);
			name = "Check Pods Manifest.lock";
			outputPaths = (
			);
			runOnlyForDeploymentPostprocessing = 0;
			shellPath = /bin/sh;
			shellScript = "diff \"${PODS_ROOT}/../Podfile.lock\" \"${PODS_ROOT}/Manifest.lock\" > /dev/null\nif [[ $? != 0 ]] ; then\n    cat << EOM\nerror: The sandbox is not in sync with the Podfile.lock. Run 'pod install' or update your CocoaPods installation.\nEOM\n    exit 1\nfi\n";
			showEnvVarsInLog = 0;
		};
		55796770D2E531FC569A83BA /* Copy Pods Resources */ = {
			isa = PBXShellScriptBuildPhase;
			buildActionMask = 2147483647;
			files = (
			);
			inputPaths = (
			);
			name = "Copy Pods Resources";
			outputPaths = (
			);
			runOnlyForDeploymentPostprocessing = 0;
			shellPath = /bin/sh;
			shellScript = "\"${SRCROOT}/Pods/Target Support Files/Pods-RideGirl/Pods-RideGirl-resources.sh\"\n";
			showEnvVarsInLog = 0;
		};
/* End PBXShellScriptBuildPhase section */

/* Begin PBXSourcesBuildPhase section */
		EF3602C91CFDCC0000ABD8AD /* Sources */ = {
			isa = PBXSourcesBuildPhase;
			buildActionMask = 2147483647;
			files = (
				EFA7CBB31CFEE2370097FA52 /* LHBUINavigationController.m in Sources */,
				EFA7CBA81CFED8D00097FA52 /* LHBTabBar.m in Sources */,
				EFA7CBAC1CFED8D00097FA52 /* LHBMeViewController.m in Sources */,
				EFA7CBAA1CFED8D00097FA52 /* LHBEssenceViewController.m in Sources */,
				EFA7CBAD1CFED8D00097FA52 /* LHBNewViewController.m in Sources */,
				EFA7CBB01CFED90D0097FA52 /* AppDelegate.m in Sources */,
				EFA7CBA61CFED8D00097FA52 /* UIBarButtonItem+LHBUIBarButtonItemExtension.m in Sources */,
				EF3602D21CFDCC0000ABD8AD /* main.m in Sources */,
				EFA7CBA71CFED8D00097FA52 /* UIView+LHBFrameExtension.m in Sources */,
				EFA7CBB91CFEEB2B0097FA52 /* LHBTestVC.m in Sources */,
				EFA7CBA91CFED8D00097FA52 /* LHBTabBarViewController.m in Sources */,
				EFA7CBAB1CFED8D00097FA52 /* LHBFriendTrendsViewController.m in Sources */,
			);
			runOnlyForDeploymentPostprocessing = 0;
		};
		EF3602E21CFDCC0000ABD8AD /* Sources */ = {
			isa = PBXSourcesBuildPhase;
			buildActionMask = 2147483647;
			files = (
				EF3602EB1CFDCC0000ABD8AD /* RideGirlTests.m in Sources */,
			);
			runOnlyForDeploymentPostprocessing = 0;
		};
		EF3602ED1CFDCC0000ABD8AD /* Sources */ = {
			isa = PBXSourcesBuildPhase;
			buildActionMask = 2147483647;
			files = (
				EF3602F61CFDCC0000ABD8AD /* RideGirlUITests.m in Sources */,
			);
			runOnlyForDeploymentPostprocessing = 0;
		};
/* End PBXSourcesBuildPhase section */

/* Begin PBXTargetDependency section */
		EF3602E81CFDCC0000ABD8AD /* PBXTargetDependency */ = {
			isa = PBXTargetDependency;
			target = EF3602CC1CFDCC0000ABD8AD /* RideGirl */;
			targetProxy = EF3602E71CFDCC0000ABD8AD /* PBXContainerItemProxy */;
		};
		EF3602F31CFDCC0000ABD8AD /* PBXTargetDependency */ = {
			isa = PBXTargetDependency;
			target = EF3602CC1CFDCC0000ABD8AD /* RideGirl */;
			targetProxy = EF3602F21CFDCC0000ABD8AD /* PBXContainerItemProxy */;
		};
/* End PBXTargetDependency section */

/* Begin XCBuildConfiguration section */
		EF3602F81CFDCC0000ABD8AD /* Debug */ = {
			isa = XCBuildConfiguration;
			buildSettings = {
				ALWAYS_SEARCH_USER_PATHS = NO;
				CLANG_ANALYZER_NONNULL = YES;
				CLANG_CXX_LANGUAGE_STANDARD = "gnu++0x";
				CLANG_CXX_LIBRARY = "libc++";
				CLANG_ENABLE_MODULES = YES;
				CLANG_ENABLE_OBJC_ARC = YES;
				CLANG_WARN_BOOL_CONVERSION = YES;
				CLANG_WARN_CONSTANT_CONVERSION = YES;
				CLANG_WARN_DIRECT_OBJC_ISA_USAGE = YES_ERROR;
				CLANG_WARN_EMPTY_BODY = YES;
				CLANG_WARN_ENUM_CONVERSION = YES;
				CLANG_WARN_INT_CONVERSION = YES;
				CLANG_WARN_OBJC_ROOT_CLASS = YES_ERROR;
				CLANG_WARN_UNREACHABLE_CODE = YES;
				CLANG_WARN__DUPLICATE_METHOD_MATCH = YES;
				"CODE_SIGN_IDENTITY[sdk=iphoneos*]" = "iPhone Developer";
				COPY_PHASE_STRIP = NO;
				DEBUG_INFORMATION_FORMAT = dwarf;
				ENABLE_STRICT_OBJC_MSGSEND = YES;
				ENABLE_TESTABILITY = YES;
				GCC_C_LANGUAGE_STANDARD = gnu99;
				GCC_DYNAMIC_NO_PIC = NO;
				GCC_NO_COMMON_BLOCKS = YES;
				GCC_OPTIMIZATION_LEVEL = 0;
				GCC_PREPROCESSOR_DEFINITIONS = (
					"DEBUG=1",
					"$(inherited)",
				);
				GCC_WARN_64_TO_32_BIT_CONVERSION = YES;
				GCC_WARN_ABOUT_RETURN_TYPE = YES_ERROR;
				GCC_WARN_UNDECLARED_SELECTOR = YES;
				GCC_WARN_UNINITIALIZED_AUTOS = YES_AGGRESSIVE;
				GCC_WARN_UNUSED_FUNCTION = YES;
				GCC_WARN_UNUSED_VARIABLE = YES;
				IPHONEOS_DEPLOYMENT_TARGET = 9.3;
				MTL_ENABLE_DEBUG_INFO = YES;
				ONLY_ACTIVE_ARCH = YES;
				SDKROOT = iphoneos;
				TARGETED_DEVICE_FAMILY = "1,2";
			};
			name = Debug;
		};
		EF3602F91CFDCC0000ABD8AD /* Release */ = {
			isa = XCBuildConfiguration;
			buildSettings = {
				ALWAYS_SEARCH_USER_PATHS = NO;
				CLANG_ANALYZER_NONNULL = YES;
				CLANG_CXX_LANGUAGE_STANDARD = "gnu++0x";
				CLANG_CXX_LIBRARY = "libc++";
				CLANG_ENABLE_MODULES = YES;
				CLANG_ENABLE_OBJC_ARC = YES;
				CLANG_WARN_BOOL_CONVERSION = YES;
				CLANG_WARN_CONSTANT_CONVERSION = YES;
				CLANG_WARN_DIRECT_OBJC_ISA_USAGE = YES_ERROR;
				CLANG_WARN_EMPTY_BODY = YES;
				CLANG_WARN_ENUM_CONVERSION = YES;
				CLANG_WARN_INT_CONVERSION = YES;
				CLANG_WARN_OBJC_ROOT_CLASS = YES_ERROR;
				CLANG_WARN_UNREACHABLE_CODE = YES;
				CLANG_WARN__DUPLICATE_METHOD_MATCH = YES;
				"CODE_SIGN_IDENTITY[sdk=iphoneos*]" = "iPhone Developer";
				COPY_PHASE_STRIP = NO;
				DEBUG_INFORMATION_FORMAT = "dwarf-with-dsym";
				ENABLE_NS_ASSERTIONS = NO;
				ENABLE_STRICT_OBJC_MSGSEND = YES;
				GCC_C_LANGUAGE_STANDARD = gnu99;
				GCC_NO_COMMON_BLOCKS = YES;
				GCC_WARN_64_TO_32_BIT_CONVERSION = YES;
				GCC_WARN_ABOUT_RETURN_TYPE = YES_ERROR;
				GCC_WARN_UNDECLARED_SELECTOR = YES;
				GCC_WARN_UNINITIALIZED_AUTOS = YES_AGGRESSIVE;
				GCC_WARN_UNUSED_FUNCTION = YES;
				GCC_WARN_UNUSED_VARIABLE = YES;
				IPHONEOS_DEPLOYMENT_TARGET = 9.3;
				MTL_ENABLE_DEBUG_INFO = NO;
				SDKROOT = iphoneos;
				TARGETED_DEVICE_FAMILY = "1,2";
				VALIDATE_PRODUCT = YES;
			};
			name = Release;
		};
		EF3602FB1CFDCC0000ABD8AD /* Debug */ = {
			isa = XCBuildConfiguration;
			baseConfigurationReference = D3068E2231FA0651355DB87D /* Pods-RideGirl.debug.xcconfig */;
			buildSettings = {
				ASSETCATALOG_COMPILER_APPICON_NAME = AppIcon;
				ASSETCATALOG_COMPILER_LAUNCHIMAGE_NAME = "Brand Assets";
				GCC_PREFIX_HEADER = RideGirl/PrefixHeader.pch;
				INFOPLIST_FILE = RideGirl/Info.plist;
				IPHONEOS_DEPLOYMENT_TARGET = 8.0;
				LD_RUNPATH_SEARCH_PATHS = "$(inherited) @executable_path/Frameworks";
				PRODUCT_BUNDLE_IDENTIFIER = com.lhb.company.RideGirl;
				PRODUCT_NAME = "$(TARGET_NAME)";
				TARGETED_DEVICE_FAMILY = 1;
			};
			name = Debug;
		};
		EF3602FC1CFDCC0000ABD8AD /* Release */ = {
			isa = XCBuildConfiguration;
			baseConfigurationReference = B18E73453938C145A53A055B /* Pods-RideGirl.release.xcconfig */;
			buildSettings = {
				ASSETCATALOG_COMPILER_APPICON_NAME = AppIcon;
				ASSETCATALOG_COMPILER_LAUNCHIMAGE_NAME = "Brand Assets";
				GCC_PREFIX_HEADER = RideGirl/PrefixHeader.pch;
				INFOPLIST_FILE = RideGirl/Info.plist;
				IPHONEOS_DEPLOYMENT_TARGET = 8.0;
				LD_RUNPATH_SEARCH_PATHS = "$(inherited) @executable_path/Frameworks";
				PRODUCT_BUNDLE_IDENTIFIER = com.lhb.company.RideGirl;
				PRODUCT_NAME = "$(TARGET_NAME)";
				TARGETED_DEVICE_FAMILY = 1;
			};
			name = Release;
		};
		EF3602FE1CFDCC0000ABD8AD /* Debug */ = {
			isa = XCBuildConfiguration;
			buildSettings = {
				BUNDLE_LOADER = "$(TEST_HOST)";
				INFOPLIST_FILE = RideGirlTests/Info.plist;
				LD_RUNPATH_SEARCH_PATHS = "$(inherited) @executable_path/Frameworks @loader_path/Frameworks";
				PRODUCT_BUNDLE_IDENTIFIER = com.lhb.company.RideGirlTests;
				PRODUCT_NAME = "$(TARGET_NAME)";
				TEST_HOST = "$(BUILT_PRODUCTS_DIR)/RideGirl.app/RideGirl";
			};
			name = Debug;
		};
		EF3602FF1CFDCC0000ABD8AD /* Release */ = {
			isa = XCBuildConfiguration;
			buildSettings = {
				BUNDLE_LOADER = "$(TEST_HOST)";
				INFOPLIST_FILE = RideGirlTests/Info.plist;
				LD_RUNPATH_SEARCH_PATHS = "$(inherited) @executable_path/Frameworks @loader_path/Frameworks";
				PRODUCT_BUNDLE_IDENTIFIER = com.lhb.company.RideGirlTests;
				PRODUCT_NAME = "$(TARGET_NAME)";
				TEST_HOST = "$(BUILT_PRODUCTS_DIR)/RideGirl.app/RideGirl";
			};
			name = Release;
		};
		EF3603011CFDCC0000ABD8AD /* Debug */ = {
			isa = XCBuildConfiguration;
			buildSettings = {
				INFOPLIST_FILE = RideGirlUITests/Info.plist;
				LD_RUNPATH_SEARCH_PATHS = "$(inherited) @executable_path/Frameworks @loader_path/Frameworks";
				PRODUCT_BUNDLE_IDENTIFIER = com.lhb.company.RideGirlUITests;
				PRODUCT_NAME = "$(TARGET_NAME)";
				TEST_TARGET_NAME = RideGirl;
			};
			name = Debug;
		};
		EF3603021CFDCC0000ABD8AD /* Release */ = {
			isa = XCBuildConfiguration;
			buildSettings = {
				INFOPLIST_FILE = RideGirlUITests/Info.plist;
				LD_RUNPATH_SEARCH_PATHS = "$(inherited) @executable_path/Frameworks @loader_path/Frameworks";
				PRODUCT_BUNDLE_IDENTIFIER = com.lhb.company.RideGirlUITests;
				PRODUCT_NAME = "$(TARGET_NAME)";
				TEST_TARGET_NAME = RideGirl;
			};
			name = Release;
		};
/* End XCBuildConfiguration section */

/* Begin XCConfigurationList section */
		EF3602C81CFDCC0000ABD8AD /* Build configuration list for PBXProject "RideGirl" */ = {
			isa = XCConfigurationList;
			buildConfigurations = (
				EF3602F81CFDCC0000ABD8AD /* Debug */,
				EF3602F91CFDCC0000ABD8AD /* Release */,
			);
			defaultConfigurationIsVisible = 0;
			defaultConfigurationName = Release;
		};
		EF3602FA1CFDCC0000ABD8AD /* Build configuration list for PBXNativeTarget "RideGirl" */ = {
			isa = XCConfigurationList;
			buildConfigurations = (
				EF3602FB1CFDCC0000ABD8AD /* Debug */,
				EF3602FC1CFDCC0000ABD8AD /* Release */,
			);
			defaultConfigurationIsVisible = 0;
			defaultConfigurationName = Release;
		};
		EF3602FD1CFDCC0000ABD8AD /* Build configuration list for PBXNativeTarget "RideGirlTests" */ = {
			isa = XCConfigurationList;
			buildConfigurations = (
				EF3602FE1CFDCC0000ABD8AD /* Debug */,
				EF3602FF1CFDCC0000ABD8AD /* Release */,
			);
			defaultConfigurationIsVisible = 0;
			defaultConfigurationName = Release;
		};
		EF3603001CFDCC0000ABD8AD /* Build configuration list for PBXNativeTarget "RideGirlUITests" */ = {
			isa = XCConfigurationList;
			buildConfigurations = (
				EF3603011CFDCC0000ABD8AD /* Debug */,
				EF3603021CFDCC0000ABD8AD /* Release */,
			);
			defaultConfigurationIsVisible = 0;
			defaultConfigurationName = Release;
		};
/* End XCConfigurationList section */
	};
	rootObject = EF3602C51CFDCC0000ABD8AD /* Project object */;
}
