// !$*UTF8*$!
{
	archiveVersion = 1;
	classes = {
	};
	objectVersion = 46;
	objects = {

/* Begin PBXBuildFile section */
		9F97ED90D251420C1EB932F5 /* Pods_RideGirl.framework in Frameworks */ = {isa = PBXBuildFile; fileRef = 36F7713304DB02680F4305B9 /* Pods_RideGirl.framework */; };
		EF062A281D0A7F4E00F189C1 /* LHBCusTomTextField.m in Sources */ = {isa = PBXBuildFile; fileRef = EF062A271D0A7F4E00F189C1 /* LHBCusTomTextField.m */; };
		EF09C7081CFF156D00F95B28 /* LHBFriendTrendsViewController.xib in Resources */ = {isa = PBXBuildFile; fileRef = EF09C7071CFF156D00F95B28 /* LHBFriendTrendsViewController.xib */; };
		EF09C70C1CFF1D5800F95B28 /* LHBRecommendViewController.m in Sources */ = {isa = PBXBuildFile; fileRef = EF09C70A1CFF1D5800F95B28 /* LHBRecommendViewController.m */; };
		EF09C70D1CFF1D5800F95B28 /* LHBRecommendViewController.xib in Resources */ = {isa = PBXBuildFile; fileRef = EF09C70B1CFF1D5800F95B28 /* LHBRecommendViewController.xib */; };
		EF09C7131CFF2C5D00F95B28 /* LHBRecommendCell.m in Sources */ = {isa = PBXBuildFile; fileRef = EF09C7121CFF2C5D00F95B28 /* LHBRecommendCell.m */; };
		EF09C7151CFF2C8E00F95B28 /* LHBRecommendCell.xib in Resources */ = {isa = PBXBuildFile; fileRef = EF09C7141CFF2C8E00F95B28 /* LHBRecommendCell.xib */; };
		EF09C7181CFF2CD500F95B28 /* LHBRecommendModel.m in Sources */ = {isa = PBXBuildFile; fileRef = EF09C7171CFF2CD500F95B28 /* LHBRecommendModel.m */; };
		EF0AF9751D2E97F800E6CE11 /* LHBMeWebViewViewController.m in Sources */ = {isa = PBXBuildFile; fileRef = EF0AF9731D2E97F800E6CE11 /* LHBMeWebViewViewController.m */; };
		EF0AF9761D2E97F800E6CE11 /* LHBMeWebViewViewController.xib in Resources */ = {isa = PBXBuildFile; fileRef = EF0AF9741D2E97F800E6CE11 /* LHBMeWebViewViewController.xib */; };
		EF1691631D0997EE00913827 /* LHBLoginRegisterViewController.m in Sources */ = {isa = PBXBuildFile; fileRef = EF1691621D0997EE00913827 /* LHBLoginRegisterViewController.m */; };
		EF1691651D09984B00913827 /* LHBLoginRegisterViewController.xib in Resources */ = {isa = PBXBuildFile; fileRef = EF1691641D09984B00913827 /* LHBLoginRegisterViewController.xib */; };
		EF1691681D09B08200913827 /* LHBAutoLoginBtn.m in Sources */ = {isa = PBXBuildFile; fileRef = EF1691671D09B08200913827 /* LHBAutoLoginBtn.m */; };
		EF1E06671D0C58F10083570E /* LHBConst.m in Sources */ = {isa = PBXBuildFile; fileRef = EF1E06661D0C58F10083570E /* LHBConst.m */; };
		EF1E06681D0C5D8A0083570E /* LHBWordViewController.m in Sources */ = {isa = PBXBuildFile; fileRef = EFC598201D0C04D300BA2153 /* LHBWordViewController.m */; };
		EF27B4581D0DC19D004A2E33 /* NSDate+LHBDateExtension.m in Sources */ = {isa = PBXBuildFile; fileRef = EF27B4571D0DC19D004A2E33 /* NSDate+LHBDateExtension.m */; };
		EF3477C01D2F7C7A0023CD3D /* LHBVideoPlayBtn.m in Sources */ = {isa = PBXBuildFile; fileRef = EF3477BF1D2F7C7A0023CD3D /* LHBVideoPlayBtn.m */; };
		EF3477C51D2F86880023CD3D /* MediaPlayer.framework in Frameworks */ = {isa = PBXBuildFile; fileRef = EF3477C41D2F86880023CD3D /* MediaPlayer.framework */; };
		EF3478091D2F99A70023CD3D /* LHBVoicePlayBtn.m in Sources */ = {isa = PBXBuildFile; fileRef = EF3478081D2F99A70023CD3D /* LHBVoicePlayBtn.m */; };
		EF3602D21CFDCC0000ABD8AD /* main.m in Sources */ = {isa = PBXBuildFile; fileRef = EF3602D11CFDCC0000ABD8AD /* main.m */; };
		EF3602EB1CFDCC0000ABD8AD /* RideGirlTests.m in Sources */ = {isa = PBXBuildFile; fileRef = EF3602EA1CFDCC0000ABD8AD /* RideGirlTests.m */; };
		EF3602F61CFDCC0000ABD8AD /* RideGirlUITests.m in Sources */ = {isa = PBXBuildFile; fileRef = EF3602F51CFDCC0000ABD8AD /* RideGirlUITests.m */; };
		EF3603071CFDCD6C00ABD8AD /* Assets.xcassets in Resources */ = {isa = PBXBuildFile; fileRef = EF3603061CFDCD6C00ABD8AD /* Assets.xcassets */; };
		EF38A5761D280605002BE631 /* LHBCommentCell.m in Sources */ = {isa = PBXBuildFile; fileRef = EF38A5741D280605002BE631 /* LHBCommentCell.m */; };
		EF38A5771D280605002BE631 /* LHBCommentCell.xib in Resources */ = {isa = PBXBuildFile; fileRef = EF38A5751D280605002BE631 /* LHBCommentCell.xib */; };
		EF38A57A1D282947002BE631 /* LHBTopWindow.m in Sources */ = {isa = PBXBuildFile; fileRef = EF38A5791D282947002BE631 /* LHBTopWindow.m */; };
		EF425E011D291DFA00905C95 /* UIImage+LHBUIImageExtension.m in Sources */ = {isa = PBXBuildFile; fileRef = EF425E001D291DFA00905C95 /* UIImage+LHBUIImageExtension.m */; };
		EF58DA301D255DB700E883D8 /* LHBUser.m in Sources */ = {isa = PBXBuildFile; fileRef = EF58DA2F1D255DB700E883D8 /* LHBUser.m */; };
		EF58DA331D255FEB00E883D8 /* LHBComment.m in Sources */ = {isa = PBXBuildFile; fileRef = EF58DA321D255FEB00E883D8 /* LHBComment.m */; };
		EF69DC881D008D76007CE788 /* LHBRecommendRightModel.m in Sources */ = {isa = PBXBuildFile; fileRef = EF69DC871D008D76007CE788 /* LHBRecommendRightModel.m */; };
		EF69DC8C1D008E96007CE788 /* LHBRecommendRightCell.m in Sources */ = {isa = PBXBuildFile; fileRef = EF69DC8A1D008E96007CE788 /* LHBRecommendRightCell.m */; };
		EF69DC8D1D008E96007CE788 /* LHBRecommendRightCell.xib in Resources */ = {isa = PBXBuildFile; fileRef = EF69DC8B1D008E96007CE788 /* LHBRecommendRightCell.xib */; };
		EF6E85631D27E33600867CC5 /* LHBCommentHeaderView.m in Sources */ = {isa = PBXBuildFile; fileRef = EF6E85621D27E33600867CC5 /* LHBCommentHeaderView.m */; };
		EF85D0711D0C40B000547377 /* LHBWordModel.m in Sources */ = {isa = PBXBuildFile; fileRef = EF85D0701D0C40B000547377 /* LHBWordModel.m */; };
		EFA135C01D07203900FB6964 /* LHBRecommendTagsTableViewController.m in Sources */ = {isa = PBXBuildFile; fileRef = EFA135BF1D07203900FB6964 /* LHBRecommendTagsTableViewController.m */; };
		EFA135C61D0725A500FB6964 /* LHBRecommendTagsModel.m in Sources */ = {isa = PBXBuildFile; fileRef = EFA135C51D0725A500FB6964 /* LHBRecommendTagsModel.m */; };
		EFA135CA1D07272F00FB6964 /* LHBRecommendTagsTableViewCell.m in Sources */ = {isa = PBXBuildFile; fileRef = EFA135C81D07272F00FB6964 /* LHBRecommendTagsTableViewCell.m */; };
		EFA135CB1D07272F00FB6964 /* LHBRecommendTagsTableViewCell.xib in Resources */ = {isa = PBXBuildFile; fileRef = EFA135C91D07272F00FB6964 /* LHBRecommendTagsTableViewCell.xib */; };
		EFA351911D1ADE7A00AAE9B7 /* LHBShowPictureViewController.m in Sources */ = {isa = PBXBuildFile; fileRef = EFA3518F1D1ADE7A00AAE9B7 /* LHBShowPictureViewController.m */; };
		EFA351921D1ADE7A00AAE9B7 /* LHBShowPictureViewController.xib in Resources */ = {isa = PBXBuildFile; fileRef = EFA351901D1ADE7A00AAE9B7 /* LHBShowPictureViewController.xib */; };
		EFA7CBA61CFED8D00097FA52 /* UIBarButtonItem+LHBUIBarButtonItemExtension.m in Sources */ = {isa = PBXBuildFile; fileRef = EFA7CB901CFED8D00097FA52 /* UIBarButtonItem+LHBUIBarButtonItemExtension.m */; };
		EFA7CBA71CFED8D00097FA52 /* UIView+LHBFrameExtension.m in Sources */ = {isa = PBXBuildFile; fileRef = EFA7CB921CFED8D00097FA52 /* UIView+LHBFrameExtension.m */; };
		EFA7CBA81CFED8D00097FA52 /* LHBTabBar.m in Sources */ = {isa = PBXBuildFile; fileRef = EFA7CB971CFED8D00097FA52 /* LHBTabBar.m */; };
		EFA7CBA91CFED8D00097FA52 /* LHBTabBarViewController.m in Sources */ = {isa = PBXBuildFile; fileRef = EFA7CB991CFED8D00097FA52 /* LHBTabBarViewController.m */; };
		EFA7CBAA1CFED8D00097FA52 /* LHBEssenceViewController.m in Sources */ = {isa = PBXBuildFile; fileRef = EFA7CB9C1CFED8D00097FA52 /* LHBEssenceViewController.m */; };
		EFA7CBAB1CFED8D00097FA52 /* LHBFriendTrendsViewController.m in Sources */ = {isa = PBXBuildFile; fileRef = EFA7CB9F1CFED8D00097FA52 /* LHBFriendTrendsViewController.m */; };
		EFA7CBAC1CFED8D00097FA52 /* LHBMeViewController.m in Sources */ = {isa = PBXBuildFile; fileRef = EFA7CBA21CFED8D00097FA52 /* LHBMeViewController.m */; };
		EFA7CBAD1CFED8D00097FA52 /* LHBNewViewController.m in Sources */ = {isa = PBXBuildFile; fileRef = EFA7CBA51CFED8D00097FA52 /* LHBNewViewController.m */; };
		EFA7CBB01CFED90D0097FA52 /* AppDelegate.m in Sources */ = {isa = PBXBuildFile; fileRef = EFA7CBAF1CFED90D0097FA52 /* AppDelegate.m */; };
		EFA7CBB31CFEE2370097FA52 /* LHBUINavigationController.m in Sources */ = {isa = PBXBuildFile; fileRef = EFA7CBB21CFEE2370097FA52 /* LHBUINavigationController.m */; };
		EFB3B0741D11AAC70016EB15 /* LHBWordPictureView.m in Sources */ = {isa = PBXBuildFile; fileRef = EFB3B0731D11AAC70016EB15 /* LHBWordPictureView.m */; };
		EFB3B0761D11AB120016EB15 /* LHBWordPictureView.xib in Resources */ = {isa = PBXBuildFile; fileRef = EFB3B0751D11AB120016EB15 /* LHBWordPictureView.xib */; };
		EFB3B2F21D1EC0260030CAB4 /* LHBPublishViewController.m in Sources */ = {isa = PBXBuildFile; fileRef = EFB3B2F01D1EC0260030CAB4 /* LHBPublishViewController.m */; };
		EFB3B2F31D1EC0260030CAB4 /* LHBPublishViewController.xib in Resources */ = {isa = PBXBuildFile; fileRef = EFB3B2F11D1EC0260030CAB4 /* LHBPublishViewController.xib */; };
		EFC598151D0C046900BA2153 /* LHBAllViewController.m in Sources */ = {isa = PBXBuildFile; fileRef = EFC598141D0C046900BA2153 /* LHBAllViewController.m */; };
		EFC598181D0C047E00BA2153 /* LHBVideoViewController.m in Sources */ = {isa = PBXBuildFile; fileRef = EFC598171D0C047E00BA2153 /* LHBVideoViewController.m */; };
		EFC5981B1D0C04A900BA2153 /* LHBVoiceViewController.m in Sources */ = {isa = PBXBuildFile; fileRef = EFC5981A1D0C04A900BA2153 /* LHBVoiceViewController.m */; };
		EFC5981E1D0C04BB00BA2153 /* LHBPictureViewController.m in Sources */ = {isa = PBXBuildFile; fileRef = EFC5981D1D0C04BB00BA2153 /* LHBPictureViewController.m */; };
		EFCEB6501D22BC1B00E58D28 /* LHBWordVideoView.m in Sources */ = {isa = PBXBuildFile; fileRef = EFCEB64F1D22BC1B00E58D28 /* LHBWordVideoView.m */; };
		EFCEB6521D22BC4700E58D28 /* LHBWordVideoView.xib in Resources */ = {isa = PBXBuildFile; fileRef = EFCEB6511D22BC4700E58D28 /* LHBWordVideoView.xib */; };
		EFDA037C1D2174F4005C6CD0 /* LHBWordVoiceView.xib in Resources */ = {isa = PBXBuildFile; fileRef = EFDA037B1D2174F4005C6CD0 /* LHBWordVoiceView.xib */; };
		EFDA037F1D217516005C6CD0 /* LHBWordVoiceView.m in Sources */ = {isa = PBXBuildFile; fileRef = EFDA037E1D217516005C6CD0 /* LHBWordVoiceView.m */; };
		EFDB07DA1D0D9C220035303F /* LHBWordTableViewCell.m in Sources */ = {isa = PBXBuildFile; fileRef = EFDB07D81D0D9C220035303F /* LHBWordTableViewCell.m */; };
		EFDB07DB1D0D9C220035303F /* LHBWordTableViewCell.xib in Resources */ = {isa = PBXBuildFile; fileRef = EFDB07D91D0D9C220035303F /* LHBWordTableViewCell.xib */; };
		EFE214C71D0EFD1700DCABAA /* LHBWordTableViewCell.m in Sources */ = {isa = PBXBuildFile; fileRef = EFDB07D81D0D9C220035303F /* LHBWordTableViewCell.m */; };
		EFE5D90A1D1C1ADA0029E0FF /* LHBProgressView.m in Sources */ = {isa = PBXBuildFile; fileRef = EFE5D9091D1C1ADA0029E0FF /* LHBProgressView.m */; };
		EFE94E621D2D4284003283F8 /* LHBMeCell.m in Sources */ = {isa = PBXBuildFile; fileRef = EFE94E611D2D4284003283F8 /* LHBMeCell.m */; };
		EFE94E651D2D472D003283F8 /* LHBMeFootView.m in Sources */ = {isa = PBXBuildFile; fileRef = EFE94E641D2D472D003283F8 /* LHBMeFootView.m */; };
		EFE94E681D2D4AB3003283F8 /* LHBMeModel.m in Sources */ = {isa = PBXBuildFile; fileRef = EFE94E671D2D4AB3003283F8 /* LHBMeModel.m */; };
		EFE94E6B1D2D4F5F003283F8 /* LHBMeCustomButton.m in Sources */ = {isa = PBXBuildFile; fileRef = EFE94E6A1D2D4F5F003283F8 /* LHBMeCustomButton.m */; };
		EFFCC46F1D26BDB500FF1715 /* LHBCommentViewController.m in Sources */ = {isa = PBXBuildFile; fileRef = EFFCC46D1D26BDB500FF1715 /* LHBCommentViewController.m */; };
		EFFCC4701D26BDB500FF1715 /* LHBCommentViewController.xib in Resources */ = {isa = PBXBuildFile; fileRef = EFFCC46E1D26BDB500FF1715 /* LHBCommentViewController.xib */; };
		EFFD033D1D0AFEFB00762237 /* LHBPushGuideView.m in Sources */ = {isa = PBXBuildFile; fileRef = EFFD033C1D0AFEFB00762237 /* LHBPushGuideView.m */; };
		EFFD033F1D0AFF0900762237 /* LHBPushGuideView.xib in Resources */ = {isa = PBXBuildFile; fileRef = EFFD033E1D0AFF0900762237 /* LHBPushGuideView.xib */; };
/* End PBXBuildFile section */

/* Begin PBXContainerItemProxy section */
		EF3602E71CFDCC0000ABD8AD /* PBXContainerItemProxy */ = {
			isa = PBXContainerItemProxy;
			containerPortal = EF3602C51CFDCC0000ABD8AD /* Project object */;
			proxyType = 1;
			remoteGlobalIDString = EF3602CC1CFDCC0000ABD8AD;
			remoteInfo = RideGirl;
		};
		EF3602F21CFDCC0000ABD8AD /* PBXContainerItemProxy */ = {
			isa = PBXContainerItemProxy;
			containerPortal = EF3602C51CFDCC0000ABD8AD /* Project object */;
			proxyType = 1;
			remoteGlobalIDString = EF3602CC1CFDCC0000ABD8AD;
			remoteInfo = RideGirl;
		};
/* End PBXContainerItemProxy section */

/* Begin PBXFileReference section */
		36F7713304DB02680F4305B9 /* Pods_RideGirl.framework */ = {isa = PBXFileReference; explicitFileType = wrapper.framework; includeInIndex = 0; path = Pods_RideGirl.framework; sourceTree = BUILT_PRODUCTS_DIR; };
		B18E73453938C145A53A055B /* Pods-RideGirl.release.xcconfig */ = {isa = PBXFileReference; includeInIndex = 1; lastKnownFileType = text.xcconfig; name = "Pods-RideGirl.release.xcconfig"; path = "Pods/Target Support Files/Pods-RideGirl/Pods-RideGirl.release.xcconfig"; sourceTree = "<group>"; };
		D3068E2231FA0651355DB87D /* Pods-RideGirl.debug.xcconfig */ = {isa = PBXFileReference; includeInIndex = 1; lastKnownFileType = text.xcconfig; name = "Pods-RideGirl.debug.xcconfig"; path = "Pods/Target Support Files/Pods-RideGirl/Pods-RideGirl.debug.xcconfig"; sourceTree = "<group>"; };
		EF062A261D0A7F4E00F189C1 /* LHBCusTomTextField.h */ = {isa = PBXFileReference; fileEncoding = 4; lastKnownFileType = sourcecode.c.h; path = LHBCusTomTextField.h; sourceTree = "<group>"; };
		EF062A271D0A7F4E00F189C1 /* LHBCusTomTextField.m */ = {isa = PBXFileReference; fileEncoding = 4; lastKnownFileType = sourcecode.c.objc; path = LHBCusTomTextField.m; sourceTree = "<group>"; };
		EF09C7071CFF156D00F95B28 /* LHBFriendTrendsViewController.xib */ = {isa = PBXFileReference; fileEncoding = 4; lastKnownFileType = file.xib; path = LHBFriendTrendsViewController.xib; sourceTree = "<group>"; };
		EF09C7091CFF1D5800F95B28 /* LHBRecommendViewController.h */ = {isa = PBXFileReference; fileEncoding = 4; lastKnownFileType = sourcecode.c.h; path = LHBRecommendViewController.h; sourceTree = "<group>"; };
		EF09C70A1CFF1D5800F95B28 /* LHBRecommendViewController.m */ = {isa = PBXFileReference; fileEncoding = 4; lastKnownFileType = sourcecode.c.objc; path = LHBRecommendViewController.m; sourceTree = "<group>"; };
		EF09C70B1CFF1D5800F95B28 /* LHBRecommendViewController.xib */ = {isa = PBXFileReference; fileEncoding = 4; lastKnownFileType = file.xib; path = LHBRecommendViewController.xib; sourceTree = "<group>"; };
		EF09C7111CFF2C5D00F95B28 /* LHBRecommendCell.h */ = {isa = PBXFileReference; fileEncoding = 4; lastKnownFileType = sourcecode.c.h; path = LHBRecommendCell.h; sourceTree = "<group>"; };
		EF09C7121CFF2C5D00F95B28 /* LHBRecommendCell.m */ = {isa = PBXFileReference; fileEncoding = 4; lastKnownFileType = sourcecode.c.objc; path = LHBRecommendCell.m; sourceTree = "<group>"; };
		EF09C7141CFF2C8E00F95B28 /* LHBRecommendCell.xib */ = {isa = PBXFileReference; fileEncoding = 4; lastKnownFileType = file.xib; path = LHBRecommendCell.xib; sourceTree = "<group>"; };
		EF09C7161CFF2CD500F95B28 /* LHBRecommendModel.h */ = {isa = PBXFileReference; fileEncoding = 4; lastKnownFileType = sourcecode.c.h; path = LHBRecommendModel.h; sourceTree = "<group>"; };
		EF09C7171CFF2CD500F95B28 /* LHBRecommendModel.m */ = {isa = PBXFileReference; fileEncoding = 4; lastKnownFileType = sourcecode.c.objc; path = LHBRecommendModel.m; sourceTree = "<group>"; };
		EF0AF9721D2E97F800E6CE11 /* LHBMeWebViewViewController.h */ = {isa = PBXFileReference; fileEncoding = 4; lastKnownFileType = sourcecode.c.h; path = LHBMeWebViewViewController.h; sourceTree = "<group>"; };
		EF0AF9731D2E97F800E6CE11 /* LHBMeWebViewViewController.m */ = {isa = PBXFileReference; fileEncoding = 4; lastKnownFileType = sourcecode.c.objc; path = LHBMeWebViewViewController.m; sourceTree = "<group>"; };
		EF0AF9741D2E97F800E6CE11 /* LHBMeWebViewViewController.xib */ = {isa = PBXFileReference; fileEncoding = 4; lastKnownFileType = file.xib; path = LHBMeWebViewViewController.xib; sourceTree = "<group>"; };
		EF1691611D0997EE00913827 /* LHBLoginRegisterViewController.h */ = {isa = PBXFileReference; fileEncoding = 4; lastKnownFileType = sourcecode.c.h; path = LHBLoginRegisterViewController.h; sourceTree = "<group>"; };
		EF1691621D0997EE00913827 /* LHBLoginRegisterViewController.m */ = {isa = PBXFileReference; fileEncoding = 4; lastKnownFileType = sourcecode.c.objc; path = LHBLoginRegisterViewController.m; sourceTree = "<group>"; };
		EF1691641D09984B00913827 /* LHBLoginRegisterViewController.xib */ = {isa = PBXFileReference; fileEncoding = 4; lastKnownFileType = file.xib; path = LHBLoginRegisterViewController.xib; sourceTree = "<group>"; };
		EF1691661D09B08200913827 /* LHBAutoLoginBtn.h */ = {isa = PBXFileReference; fileEncoding = 4; lastKnownFileType = sourcecode.c.h; path = LHBAutoLoginBtn.h; sourceTree = "<group>"; };
		EF1691671D09B08200913827 /* LHBAutoLoginBtn.m */ = {isa = PBXFileReference; fileEncoding = 4; lastKnownFileType = sourcecode.c.objc; path = LHBAutoLoginBtn.m; sourceTree = "<group>"; };
		EF1E06651D0C58F10083570E /* LHBConst.h */ = {isa = PBXFileReference; fileEncoding = 4; lastKnownFileType = sourcecode.c.h; name = LHBConst.h; path = ../MainRideGirl/New/LHBConst.h; sourceTree = "<group>"; };
		EF1E06661D0C58F10083570E /* LHBConst.m */ = {isa = PBXFileReference; fileEncoding = 4; lastKnownFileType = sourcecode.c.objc; name = LHBConst.m; path = ../MainRideGirl/New/LHBConst.m; sourceTree = "<group>"; };
		EF27B4561D0DC19D004A2E33 /* NSDate+LHBDateExtension.h */ = {isa = PBXFileReference; fileEncoding = 4; lastKnownFileType = sourcecode.c.h; path = "NSDate+LHBDateExtension.h"; sourceTree = "<group>"; };
		EF27B4571D0DC19D004A2E33 /* NSDate+LHBDateExtension.m */ = {isa = PBXFileReference; fileEncoding = 4; lastKnownFileType = sourcecode.c.objc; path = "NSDate+LHBDateExtension.m"; sourceTree = "<group>"; };
		EF3477BE1D2F7C7A0023CD3D /* LHBVideoPlayBtn.h */ = {isa = PBXFileReference; fileEncoding = 4; lastKnownFileType = sourcecode.c.h; path = LHBVideoPlayBtn.h; sourceTree = "<group>"; };
		EF3477BF1D2F7C7A0023CD3D /* LHBVideoPlayBtn.m */ = {isa = PBXFileReference; fileEncoding = 4; lastKnownFileType = sourcecode.c.objc; path = LHBVideoPlayBtn.m; sourceTree = "<group>"; };
		EF3477C41D2F86880023CD3D /* MediaPlayer.framework */ = {isa = PBXFileReference; lastKnownFileType = wrapper.framework; name = MediaPlayer.framework; path = System/Library/Frameworks/MediaPlayer.framework; sourceTree = SDKROOT; };
		EF3478071D2F99A70023CD3D /* LHBVoicePlayBtn.h */ = {isa = PBXFileReference; fileEncoding = 4; lastKnownFileType = sourcecode.c.h; path = LHBVoicePlayBtn.h; sourceTree = "<group>"; };
		EF3478081D2F99A70023CD3D /* LHBVoicePlayBtn.m */ = {isa = PBXFileReference; fileEncoding = 4; lastKnownFileType = sourcecode.c.objc; path = LHBVoicePlayBtn.m; sourceTree = "<group>"; };
		EF3602CD1CFDCC0000ABD8AD /* RideGirl.app */ = {isa = PBXFileReference; explicitFileType = wrapper.application; includeInIndex = 0; path = RideGirl.app; sourceTree = BUILT_PRODUCTS_DIR; };
		EF3602D11CFDCC0000ABD8AD /* main.m */ = {isa = PBXFileReference; lastKnownFileType = sourcecode.c.objc; path = main.m; sourceTree = "<group>"; };
		EF3602E11CFDCC0000ABD8AD /* Info.plist */ = {isa = PBXFileReference; lastKnownFileType = text.plist.xml; path = Info.plist; sourceTree = "<group>"; };
		EF3602E61CFDCC0000ABD8AD /* RideGirlTests.xctest */ = {isa = PBXFileReference; explicitFileType = wrapper.cfbundle; includeInIndex = 0; path = RideGirlTests.xctest; sourceTree = BUILT_PRODUCTS_DIR; };
		EF3602EA1CFDCC0000ABD8AD /* RideGirlTests.m */ = {isa = PBXFileReference; lastKnownFileType = sourcecode.c.objc; path = RideGirlTests.m; sourceTree = "<group>"; };
		EF3602EC1CFDCC0000ABD8AD /* Info.plist */ = {isa = PBXFileReference; lastKnownFileType = text.plist.xml; path = Info.plist; sourceTree = "<group>"; };
		EF3602F11CFDCC0000ABD8AD /* RideGirlUITests.xctest */ = {isa = PBXFileReference; explicitFileType = wrapper.cfbundle; includeInIndex = 0; path = RideGirlUITests.xctest; sourceTree = BUILT_PRODUCTS_DIR; };
		EF3602F51CFDCC0000ABD8AD /* RideGirlUITests.m */ = {isa = PBXFileReference; lastKnownFileType = sourcecode.c.objc; path = RideGirlUITests.m; sourceTree = "<group>"; };
		EF3602F71CFDCC0000ABD8AD /* Info.plist */ = {isa = PBXFileReference; lastKnownFileType = text.plist.xml; path = Info.plist; sourceTree = "<group>"; };
		EF3603061CFDCD6C00ABD8AD /* Assets.xcassets */ = {isa = PBXFileReference; lastKnownFileType = folder.assetcatalog; path = Assets.xcassets; sourceTree = "<group>"; };
		EF38A5731D280605002BE631 /* LHBCommentCell.h */ = {isa = PBXFileReference; fileEncoding = 4; lastKnownFileType = sourcecode.c.h; path = LHBCommentCell.h; sourceTree = "<group>"; };
		EF38A5741D280605002BE631 /* LHBCommentCell.m */ = {isa = PBXFileReference; fileEncoding = 4; lastKnownFileType = sourcecode.c.objc; path = LHBCommentCell.m; sourceTree = "<group>"; };
		EF38A5751D280605002BE631 /* LHBCommentCell.xib */ = {isa = PBXFileReference; fileEncoding = 4; lastKnownFileType = file.xib; path = LHBCommentCell.xib; sourceTree = "<group>"; };
		EF38A5781D282947002BE631 /* LHBTopWindow.h */ = {isa = PBXFileReference; fileEncoding = 4; lastKnownFileType = sourcecode.c.h; path = LHBTopWindow.h; sourceTree = "<group>"; };
		EF38A5791D282947002BE631 /* LHBTopWindow.m */ = {isa = PBXFileReference; fileEncoding = 4; lastKnownFileType = sourcecode.c.objc; path = LHBTopWindow.m; sourceTree = "<group>"; };
		EF425DFF1D291DFA00905C95 /* UIImage+LHBUIImageExtension.h */ = {isa = PBXFileReference; fileEncoding = 4; lastKnownFileType = sourcecode.c.h; path = "UIImage+LHBUIImageExtension.h"; sourceTree = "<group>"; };
		EF425E001D291DFA00905C95 /* UIImage+LHBUIImageExtension.m */ = {isa = PBXFileReference; fileEncoding = 4; lastKnownFileType = sourcecode.c.objc; path = "UIImage+LHBUIImageExtension.m"; sourceTree = "<group>"; };
		EF58DA2E1D255DB700E883D8 /* LHBUser.h */ = {isa = PBXFileReference; fileEncoding = 4; lastKnownFileType = sourcecode.c.h; path = LHBUser.h; sourceTree = "<group>"; };
		EF58DA2F1D255DB700E883D8 /* LHBUser.m */ = {isa = PBXFileReference; fileEncoding = 4; lastKnownFileType = sourcecode.c.objc; path = LHBUser.m; sourceTree = "<group>"; };
		EF58DA311D255FEB00E883D8 /* LHBComment.h */ = {isa = PBXFileReference; fileEncoding = 4; lastKnownFileType = sourcecode.c.h; path = LHBComment.h; sourceTree = "<group>"; };
		EF58DA321D255FEB00E883D8 /* LHBComment.m */ = {isa = PBXFileReference; fileEncoding = 4; lastKnownFileType = sourcecode.c.objc; path = LHBComment.m; sourceTree = "<group>"; };
		EF69DC861D008D76007CE788 /* LHBRecommendRightModel.h */ = {isa = PBXFileReference; fileEncoding = 4; lastKnownFileType = sourcecode.c.h; path = LHBRecommendRightModel.h; sourceTree = "<group>"; };
		EF69DC871D008D76007CE788 /* LHBRecommendRightModel.m */ = {isa = PBXFileReference; fileEncoding = 4; lastKnownFileType = sourcecode.c.objc; path = LHBRecommendRightModel.m; sourceTree = "<group>"; };
		EF69DC891D008E96007CE788 /* LHBRecommendRightCell.h */ = {isa = PBXFileReference; fileEncoding = 4; lastKnownFileType = sourcecode.c.h; path = LHBRecommendRightCell.h; sourceTree = "<group>"; };
		EF69DC8A1D008E96007CE788 /* LHBRecommendRightCell.m */ = {isa = PBXFileReference; fileEncoding = 4; lastKnownFileType = sourcecode.c.objc; path = LHBRecommendRightCell.m; sourceTree = "<group>"; };
		EF69DC8B1D008E96007CE788 /* LHBRecommendRightCell.xib */ = {isa = PBXFileReference; fileEncoding = 4; lastKnownFileType = file.xib; path = LHBRecommendRightCell.xib; sourceTree = "<group>"; };
		EF6E85611D27E33600867CC5 /* LHBCommentHeaderView.h */ = {isa = PBXFileReference; fileEncoding = 4; lastKnownFileType = sourcecode.c.h; path = LHBCommentHeaderView.h; sourceTree = "<group>"; };
		EF6E85621D27E33600867CC5 /* LHBCommentHeaderView.m */ = {isa = PBXFileReference; fileEncoding = 4; lastKnownFileType = sourcecode.c.objc; path = LHBCommentHeaderView.m; sourceTree = "<group>"; };
		EF85D06F1D0C40B000547377 /* LHBWordModel.h */ = {isa = PBXFileReference; fileEncoding = 4; lastKnownFileType = sourcecode.c.h; path = LHBWordModel.h; sourceTree = "<group>"; };
		EF85D0701D0C40B000547377 /* LHBWordModel.m */ = {isa = PBXFileReference; fileEncoding = 4; lastKnownFileType = sourcecode.c.objc; path = LHBWordModel.m; sourceTree = "<group>"; };
		EFA135BE1D07203900FB6964 /* LHBRecommendTagsTableViewController.h */ = {isa = PBXFileReference; fileEncoding = 4; lastKnownFileType = sourcecode.c.h; path = LHBRecommendTagsTableViewController.h; sourceTree = "<group>"; };
		EFA135BF1D07203900FB6964 /* LHBRecommendTagsTableViewController.m */ = {isa = PBXFileReference; fileEncoding = 4; lastKnownFileType = sourcecode.c.objc; path = LHBRecommendTagsTableViewController.m; sourceTree = "<group>"; };
		EFA135C41D0725A500FB6964 /* LHBRecommendTagsModel.h */ = {isa = PBXFileReference; fileEncoding = 4; lastKnownFileType = sourcecode.c.h; path = LHBRecommendTagsModel.h; sourceTree = "<group>"; };
		EFA135C51D0725A500FB6964 /* LHBRecommendTagsModel.m */ = {isa = PBXFileReference; fileEncoding = 4; lastKnownFileType = sourcecode.c.objc; path = LHBRecommendTagsModel.m; sourceTree = "<group>"; };
		EFA135C71D07272F00FB6964 /* LHBRecommendTagsTableViewCell.h */ = {isa = PBXFileReference; fileEncoding = 4; lastKnownFileType = sourcecode.c.h; path = LHBRecommendTagsTableViewCell.h; sourceTree = "<group>"; };
		EFA135C81D07272F00FB6964 /* LHBRecommendTagsTableViewCell.m */ = {isa = PBXFileReference; fileEncoding = 4; lastKnownFileType = sourcecode.c.objc; path = LHBRecommendTagsTableViewCell.m; sourceTree = "<group>"; };
		EFA135C91D07272F00FB6964 /* LHBRecommendTagsTableViewCell.xib */ = {isa = PBXFileReference; fileEncoding = 4; lastKnownFileType = file.xib; path = LHBRecommendTagsTableViewCell.xib; sourceTree = "<group>"; };
		EFA3518E1D1ADE7A00AAE9B7 /* LHBShowPictureViewController.h */ = {isa = PBXFileReference; fileEncoding = 4; lastKnownFileType = sourcecode.c.h; path = LHBShowPictureViewController.h; sourceTree = "<group>"; };
		EFA3518F1D1ADE7A00AAE9B7 /* LHBShowPictureViewController.m */ = {isa = PBXFileReference; fileEncoding = 4; lastKnownFileType = sourcecode.c.objc; path = LHBShowPictureViewController.m; sourceTree = "<group>"; };
		EFA351901D1ADE7A00AAE9B7 /* LHBShowPictureViewController.xib */ = {isa = PBXFileReference; fileEncoding = 4; lastKnownFileType = file.xib; path = LHBShowPictureViewController.xib; sourceTree = "<group>"; };
		EFA7CB841CFEB9300097FA52 /* PrefixHeader.pch */ = {isa = PBXFileReference; lastKnownFileType = sourcecode.c.h; path = PrefixHeader.pch; sourceTree = "<group>"; };
		EFA7CB8F1CFED8D00097FA52 /* UIBarButtonItem+LHBUIBarButtonItemExtension.h */ = {isa = PBXFileReference; fileEncoding = 4; lastKnownFileType = sourcecode.c.h; path = "UIBarButtonItem+LHBUIBarButtonItemExtension.h"; sourceTree = "<group>"; };
		EFA7CB901CFED8D00097FA52 /* UIBarButtonItem+LHBUIBarButtonItemExtension.m */ = {isa = PBXFileReference; fileEncoding = 4; lastKnownFileType = sourcecode.c.objc; path = "UIBarButtonItem+LHBUIBarButtonItemExtension.m"; sourceTree = "<group>"; };
		EFA7CB911CFED8D00097FA52 /* UIView+LHBFrameExtension.h */ = {isa = PBXFileReference; fileEncoding = 4; lastKnownFileType = sourcecode.c.h; path = "UIView+LHBFrameExtension.h"; sourceTree = "<group>"; };
		EFA7CB921CFED8D00097FA52 /* UIView+LHBFrameExtension.m */ = {isa = PBXFileReference; fileEncoding = 4; lastKnownFileType = sourcecode.c.objc; path = "UIView+LHBFrameExtension.m"; sourceTree = "<group>"; };
		EFA7CB961CFED8D00097FA52 /* LHBTabBar.h */ = {isa = PBXFileReference; fileEncoding = 4; lastKnownFileType = sourcecode.c.h; path = LHBTabBar.h; sourceTree = "<group>"; };
		EFA7CB971CFED8D00097FA52 /* LHBTabBar.m */ = {isa = PBXFileReference; fileEncoding = 4; lastKnownFileType = sourcecode.c.objc; path = LHBTabBar.m; sourceTree = "<group>"; };
		EFA7CB981CFED8D00097FA52 /* LHBTabBarViewController.h */ = {isa = PBXFileReference; fileEncoding = 4; lastKnownFileType = sourcecode.c.h; path = LHBTabBarViewController.h; sourceTree = "<group>"; };
		EFA7CB991CFED8D00097FA52 /* LHBTabBarViewController.m */ = {isa = PBXFileReference; fileEncoding = 4; lastKnownFileType = sourcecode.c.objc; path = LHBTabBarViewController.m; sourceTree = "<group>"; };
		EFA7CB9B1CFED8D00097FA52 /* LHBEssenceViewController.h */ = {isa = PBXFileReference; fileEncoding = 4; lastKnownFileType = sourcecode.c.h; path = LHBEssenceViewController.h; sourceTree = "<group>"; };
		EFA7CB9C1CFED8D00097FA52 /* LHBEssenceViewController.m */ = {isa = PBXFileReference; fileEncoding = 4; lastKnownFileType = sourcecode.c.objc; path = LHBEssenceViewController.m; sourceTree = "<group>"; };
		EFA7CB9E1CFED8D00097FA52 /* LHBFriendTrendsViewController.h */ = {isa = PBXFileReference; fileEncoding = 4; lastKnownFileType = sourcecode.c.h; path = LHBFriendTrendsViewController.h; sourceTree = "<group>"; };
		EFA7CB9F1CFED8D00097FA52 /* LHBFriendTrendsViewController.m */ = {isa = PBXFileReference; fileEncoding = 4; lastKnownFileType = sourcecode.c.objc; path = LHBFriendTrendsViewController.m; sourceTree = "<group>"; };
		EFA7CBA11CFED8D00097FA52 /* LHBMeViewController.h */ = {isa = PBXFileReference; fileEncoding = 4; lastKnownFileType = sourcecode.c.h; path = LHBMeViewController.h; sourceTree = "<group>"; };
		EFA7CBA21CFED8D00097FA52 /* LHBMeViewController.m */ = {isa = PBXFileReference; fileEncoding = 4; lastKnownFileType = sourcecode.c.objc; path = LHBMeViewController.m; sourceTree = "<group>"; };
		EFA7CBA41CFED8D00097FA52 /* LHBNewViewController.h */ = {isa = PBXFileReference; fileEncoding = 4; lastKnownFileType = sourcecode.c.h; path = LHBNewViewController.h; sourceTree = "<group>"; };
		EFA7CBA51CFED8D00097FA52 /* LHBNewViewController.m */ = {isa = PBXFileReference; fileEncoding = 4; lastKnownFileType = sourcecode.c.objc; path = LHBNewViewController.m; sourceTree = "<group>"; };
		EFA7CBAE1CFED90D0097FA52 /* AppDelegate.h */ = {isa = PBXFileReference; fileEncoding = 4; lastKnownFileType = sourcecode.c.h; path = AppDelegate.h; sourceTree = "<group>"; };
		EFA7CBAF1CFED90D0097FA52 /* AppDelegate.m */ = {isa = PBXFileReference; fileEncoding = 4; lastKnownFileType = sourcecode.c.objc; path = AppDelegate.m; sourceTree = "<group>"; };
		EFA7CBB11CFEE2370097FA52 /* LHBUINavigationController.h */ = {isa = PBXFileReference; fileEncoding = 4; lastKnownFileType = sourcecode.c.h; path = LHBUINavigationController.h; sourceTree = "<group>"; };
		EFA7CBB21CFEE2370097FA52 /* LHBUINavigationController.m */ = {isa = PBXFileReference; fileEncoding = 4; lastKnownFileType = sourcecode.c.objc; path = LHBUINavigationController.m; sourceTree = "<group>"; };
		EFB3B0721D11AAC70016EB15 /* LHBWordPictureView.h */ = {isa = PBXFileReference; fileEncoding = 4; lastKnownFileType = sourcecode.c.h; path = LHBWordPictureView.h; sourceTree = "<group>"; };
		EFB3B0731D11AAC70016EB15 /* LHBWordPictureView.m */ = {isa = PBXFileReference; fileEncoding = 4; lastKnownFileType = sourcecode.c.objc; path = LHBWordPictureView.m; sourceTree = "<group>"; };
		EFB3B0751D11AB120016EB15 /* LHBWordPictureView.xib */ = {isa = PBXFileReference; fileEncoding = 4; lastKnownFileType = file.xib; path = LHBWordPictureView.xib; sourceTree = "<group>"; };
		EFB3B2EF1D1EC0260030CAB4 /* LHBPublishViewController.h */ = {isa = PBXFileReference; fileEncoding = 4; lastKnownFileType = sourcecode.c.h; path = LHBPublishViewController.h; sourceTree = "<group>"; };
		EFB3B2F01D1EC0260030CAB4 /* LHBPublishViewController.m */ = {isa = PBXFileReference; fileEncoding = 4; lastKnownFileType = sourcecode.c.objc; path = LHBPublishViewController.m; sourceTree = "<group>"; };
		EFB3B2F11D1EC0260030CAB4 /* LHBPublishViewController.xib */ = {isa = PBXFileReference; fileEncoding = 4; lastKnownFileType = file.xib; path = LHBPublishViewController.xib; sourceTree = "<group>"; };
		EFC598131D0C046900BA2153 /* LHBAllViewController.h */ = {isa = PBXFileReference; fileEncoding = 4; lastKnownFileType = sourcecode.c.h; path = LHBAllViewController.h; sourceTree = "<group>"; };
		EFC598141D0C046900BA2153 /* LHBAllViewController.m */ = {isa = PBXFileReference; fileEncoding = 4; lastKnownFileType = sourcecode.c.objc; path = LHBAllViewController.m; sourceTree = "<group>"; };
		EFC598161D0C047E00BA2153 /* LHBVideoViewController.h */ = {isa = PBXFileReference; fileEncoding = 4; lastKnownFileType = sourcecode.c.h; path = LHBVideoViewController.h; sourceTree = "<group>"; };
		EFC598171D0C047E00BA2153 /* LHBVideoViewController.m */ = {isa = PBXFileReference; fileEncoding = 4; lastKnownFileType = sourcecode.c.objc; path = LHBVideoViewController.m; sourceTree = "<group>"; };
		EFC598191D0C04A900BA2153 /* LHBVoiceViewController.h */ = {isa = PBXFileReference; fileEncoding = 4; lastKnownFileType = sourcecode.c.h; path = LHBVoiceViewController.h; sourceTree = "<group>"; };
		EFC5981A1D0C04A900BA2153 /* LHBVoiceViewController.m */ = {isa = PBXFileReference; fileEncoding = 4; lastKnownFileType = sourcecode.c.objc; path = LHBVoiceViewController.m; sourceTree = "<group>"; };
		EFC5981C1D0C04BB00BA2153 /* LHBPictureViewController.h */ = {isa = PBXFileReference; fileEncoding = 4; lastKnownFileType = sourcecode.c.h; path = LHBPictureViewController.h; sourceTree = "<group>"; };
		EFC5981D1D0C04BB00BA2153 /* LHBPictureViewController.m */ = {isa = PBXFileReference; fileEncoding = 4; lastKnownFileType = sourcecode.c.objc; path = LHBPictureViewController.m; sourceTree = "<group>"; };
		EFC5981F1D0C04D300BA2153 /* LHBWordViewController.h */ = {isa = PBXFileReference; fileEncoding = 4; lastKnownFileType = sourcecode.c.h; path = LHBWordViewController.h; sourceTree = "<group>"; };
		EFC598201D0C04D300BA2153 /* LHBWordViewController.m */ = {isa = PBXFileReference; fileEncoding = 4; lastKnownFileType = sourcecode.c.objc; path = LHBWordViewController.m; sourceTree = "<group>"; };
		EFCEB64E1D22BC1B00E58D28 /* LHBWordVideoView.h */ = {isa = PBXFileReference; fileEncoding = 4; lastKnownFileType = sourcecode.c.h; path = LHBWordVideoView.h; sourceTree = "<group>"; };
		EFCEB64F1D22BC1B00E58D28 /* LHBWordVideoView.m */ = {isa = PBXFileReference; fileEncoding = 4; lastKnownFileType = sourcecode.c.objc; path = LHBWordVideoView.m; sourceTree = "<group>"; };
		EFCEB6511D22BC4700E58D28 /* LHBWordVideoView.xib */ = {isa = PBXFileReference; fileEncoding = 4; lastKnownFileType = file.xib; path = LHBWordVideoView.xib; sourceTree = "<group>"; };
		EFDA037B1D2174F4005C6CD0 /* LHBWordVoiceView.xib */ = {isa = PBXFileReference; fileEncoding = 4; lastKnownFileType = file.xib; path = LHBWordVoiceView.xib; sourceTree = "<group>"; };
		EFDA037D1D217516005C6CD0 /* LHBWordVoiceView.h */ = {isa = PBXFileReference; fileEncoding = 4; lastKnownFileType = sourcecode.c.h; path = LHBWordVoiceView.h; sourceTree = "<group>"; };
		EFDA037E1D217516005C6CD0 /* LHBWordVoiceView.m */ = {isa = PBXFileReference; fileEncoding = 4; lastKnownFileType = sourcecode.c.objc; path = LHBWordVoiceView.m; sourceTree = "<group>"; };
		EFDB07D71D0D9C220035303F /* LHBWordTableViewCell.h */ = {isa = PBXFileReference; fileEncoding = 4; lastKnownFileType = sourcecode.c.h; path = LHBWordTableViewCell.h; sourceTree = "<group>"; };
		EFDB07D81D0D9C220035303F /* LHBWordTableViewCell.m */ = {isa = PBXFileReference; fileEncoding = 4; lastKnownFileType = sourcecode.c.objc; path = LHBWordTableViewCell.m; sourceTree = "<group>"; };
		EFDB07D91D0D9C220035303F /* LHBWordTableViewCell.xib */ = {isa = PBXFileReference; fileEncoding = 4; lastKnownFileType = file.xib; path = LHBWordTableViewCell.xib; sourceTree = "<group>"; };
		EFE5D9081D1C1ADA0029E0FF /* LHBProgressView.h */ = {isa = PBXFileReference; fileEncoding = 4; lastKnownFileType = sourcecode.c.h; path = LHBProgressView.h; sourceTree = "<group>"; };
		EFE5D9091D1C1ADA0029E0FF /* LHBProgressView.m */ = {isa = PBXFileReference; fileEncoding = 4; lastKnownFileType = sourcecode.c.objc; path = LHBProgressView.m; sourceTree = "<group>"; };
		EFE94E601D2D4284003283F8 /* LHBMeCell.h */ = {isa = PBXFileReference; fileEncoding = 4; lastKnownFileType = sourcecode.c.h; path = LHBMeCell.h; sourceTree = "<group>"; };
		EFE94E611D2D4284003283F8 /* LHBMeCell.m */ = {isa = PBXFileReference; fileEncoding = 4; lastKnownFileType = sourcecode.c.objc; path = LHBMeCell.m; sourceTree = "<group>"; };
		EFE94E631D2D472D003283F8 /* LHBMeFootView.h */ = {isa = PBXFileReference; fileEncoding = 4; lastKnownFileType = sourcecode.c.h; path = LHBMeFootView.h; sourceTree = "<group>"; };
		EFE94E641D2D472D003283F8 /* LHBMeFootView.m */ = {isa = PBXFileReference; fileEncoding = 4; lastKnownFileType = sourcecode.c.objc; path = LHBMeFootView.m; sourceTree = "<group>"; };
		EFE94E661D2D4AB3003283F8 /* LHBMeModel.h */ = {isa = PBXFileReference; fileEncoding = 4; lastKnownFileType = sourcecode.c.h; path = LHBMeModel.h; sourceTree = "<group>"; };
		EFE94E671D2D4AB3003283F8 /* LHBMeModel.m */ = {isa = PBXFileReference; fileEncoding = 4; lastKnownFileType = sourcecode.c.objc; path = LHBMeModel.m; sourceTree = "<group>"; };
		EFE94E691D2D4F5F003283F8 /* LHBMeCustomButton.h */ = {isa = PBXFileReference; fileEncoding = 4; lastKnownFileType = sourcecode.c.h; path = LHBMeCustomButton.h; sourceTree = "<group>"; };
		EFE94E6A1D2D4F5F003283F8 /* LHBMeCustomButton.m */ = {isa = PBXFileReference; fileEncoding = 4; lastKnownFileType = sourcecode.c.objc; path = LHBMeCustomButton.m; sourceTree = "<group>"; };
		EFFCC46C1D26BDB500FF1715 /* LHBCommentViewController.h */ = {isa = PBXFileReference; fileEncoding = 4; lastKnownFileType = sourcecode.c.h; path = LHBCommentViewController.h; sourceTree = "<group>"; };
		EFFCC46D1D26BDB500FF1715 /* LHBCommentViewController.m */ = {isa = PBXFileReference; fileEncoding = 4; lastKnownFileType = sourcecode.c.objc; path = LHBCommentViewController.m; sourceTree = "<group>"; };
		EFFCC46E1D26BDB500FF1715 /* LHBCommentViewController.xib */ = {isa = PBXFileReference; fileEncoding = 4; lastKnownFileType = file.xib; path = LHBCommentViewController.xib; sourceTree = "<group>"; };
		EFFD033B1D0AFEFB00762237 /* LHBPushGuideView.h */ = {isa = PBXFileReference; fileEncoding = 4; lastKnownFileType = sourcecode.c.h; path = LHBPushGuideView.h; sourceTree = "<group>"; };
		EFFD033C1D0AFEFB00762237 /* LHBPushGuideView.m */ = {isa = PBXFileReference; fileEncoding = 4; lastKnownFileType = sourcecode.c.objc; path = LHBPushGuideView.m; sourceTree = "<group>"; };
		EFFD033E1D0AFF0900762237 /* LHBPushGuideView.xib */ = {isa = PBXFileReference; fileEncoding = 4; lastKnownFileType = file.xib; path = LHBPushGuideView.xib; sourceTree = "<group>"; };
/* End PBXFileReference section */

/* Begin PBXFrameworksBuildPhase section */
		EF3602CA1CFDCC0000ABD8AD /* Frameworks */ = {
			isa = PBXFrameworksBuildPhase;
			buildActionMask = 2147483647;
			files = (
				EF3477C51D2F86880023CD3D /* MediaPlayer.framework in Frameworks */,
				9F97ED90D251420C1EB932F5 /* Pods_RideGirl.framework in Frameworks */,
			);
			runOnlyForDeploymentPostprocessing = 0;
		};
		EF3602E31CFDCC0000ABD8AD /* Frameworks */ = {
			isa = PBXFrameworksBuildPhase;
			buildActionMask = 2147483647;
			files = (
			);
			runOnlyForDeploymentPostprocessing = 0;
		};
		EF3602EE1CFDCC0000ABD8AD /* Frameworks */ = {
			isa = PBXFrameworksBuildPhase;
			buildActionMask = 2147483647;
			files = (
			);
			runOnlyForDeploymentPostprocessing = 0;
		};
/* End PBXFrameworksBuildPhase section */

/* Begin PBXGroup section */
		2F8B056318D7D424C52C6D22 /* Pods */ = {
			isa = PBXGroup;
			children = (
				D3068E2231FA0651355DB87D /* Pods-RideGirl.debug.xcconfig */,
				B18E73453938C145A53A055B /* Pods-RideGirl.release.xcconfig */,
			);
			name = Pods;
			sourceTree = "<group>";
		};
		8BD8DBB746901FD207C0E279 /* Frameworks */ = {
			isa = PBXGroup;
			children = (
				EF3477C41D2F86880023CD3D /* MediaPlayer.framework */,
				36F7713304DB02680F4305B9 /* Pods_RideGirl.framework */,
			);
			name = Frameworks;
			sourceTree = "<group>";
		};
		EF09C70E1CFF2BA600F95B28 /* Controller */ = {
			isa = PBXGroup;
			children = (
				EFA7CB9E1CFED8D00097FA52 /* LHBFriendTrendsViewController.h */,
				EFA7CB9F1CFED8D00097FA52 /* LHBFriendTrendsViewController.m */,
				EF09C7071CFF156D00F95B28 /* LHBFriendTrendsViewController.xib */,
				EF09C7091CFF1D5800F95B28 /* LHBRecommendViewController.h */,
				EF09C70A1CFF1D5800F95B28 /* LHBRecommendViewController.m */,
				EF09C70B1CFF1D5800F95B28 /* LHBRecommendViewController.xib */,
				EF1691611D0997EE00913827 /* LHBLoginRegisterViewController.h */,
				EF1691621D0997EE00913827 /* LHBLoginRegisterViewController.m */,
				EF1691641D09984B00913827 /* LHBLoginRegisterViewController.xib */,
			);
			name = Controller;
			sourceTree = "<group>";
		};
		EF09C70F1CFF2BC400F95B28 /* Model */ = {
			isa = PBXGroup;
			children = (
				EF09C7161CFF2CD500F95B28 /* LHBRecommendModel.h */,
				EF09C7171CFF2CD500F95B28 /* LHBRecommendModel.m */,
				EF69DC861D008D76007CE788 /* LHBRecommendRightModel.h */,
				EF69DC871D008D76007CE788 /* LHBRecommendRightModel.m */,
			);
			name = Model;
			sourceTree = "<group>";
		};
		EF09C7101CFF2BDD00F95B28 /* View */ = {
			isa = PBXGroup;
			children = (
				EF09C7111CFF2C5D00F95B28 /* LHBRecommendCell.h */,
				EF09C7121CFF2C5D00F95B28 /* LHBRecommendCell.m */,
				EF09C7141CFF2C8E00F95B28 /* LHBRecommendCell.xib */,
				EF69DC891D008E96007CE788 /* LHBRecommendRightCell.h */,
				EF69DC8A1D008E96007CE788 /* LHBRecommendRightCell.m */,
				EF69DC8B1D008E96007CE788 /* LHBRecommendRightCell.xib */,
				EF1691661D09B08200913827 /* LHBAutoLoginBtn.h */,
				EF1691671D09B08200913827 /* LHBAutoLoginBtn.m */,
				EF062A261D0A7F4E00F189C1 /* LHBCusTomTextField.h */,
				EF062A271D0A7F4E00F189C1 /* LHBCusTomTextField.m */,
			);
			name = View;
			sourceTree = "<group>";
		};
		EF3602C41CFDCC0000ABD8AD = {
			isa = PBXGroup;
			children = (
				EF3602CF1CFDCC0000ABD8AD /* RideGirl */,
				EF3602E91CFDCC0000ABD8AD /* RideGirlTests */,
				EF3602F41CFDCC0000ABD8AD /* RideGirlUITests */,
				EF3602CE1CFDCC0000ABD8AD /* Products */,
				2F8B056318D7D424C52C6D22 /* Pods */,
				8BD8DBB746901FD207C0E279 /* Frameworks */,
			);
			sourceTree = "<group>";
		};
		EF3602CE1CFDCC0000ABD8AD /* Products */ = {
			isa = PBXGroup;
			children = (
				EF3602CD1CFDCC0000ABD8AD /* RideGirl.app */,
				EF3602E61CFDCC0000ABD8AD /* RideGirlTests.xctest */,
				EF3602F11CFDCC0000ABD8AD /* RideGirlUITests.xctest */,
			);
			name = Products;
			sourceTree = "<group>";
		};
		EF3602CF1CFDCC0000ABD8AD /* RideGirl */ = {
			isa = PBXGroup;
			children = (
				EFA7CB8E1CFED8D00097FA52 /* Extension */,
				EFA7CB931CFED8D00097FA52 /* Libs */,
				EFA7CB941CFED8D00097FA52 /* MainRideGirl */,
				EF3603061CFDCD6C00ABD8AD /* Assets.xcassets */,
				EF3602D01CFDCC0000ABD8AD /* Supporting Files */,
			);
			path = RideGirl;
			sourceTree = "<group>";
		};
		EF3602D01CFDCC0000ABD8AD /* Supporting Files */ = {
			isa = PBXGroup;
			children = (
				EF3602E11CFDCC0000ABD8AD /* Info.plist */,
				EF3602D11CFDCC0000ABD8AD /* main.m */,
				EFA7CB841CFEB9300097FA52 /* PrefixHeader.pch */,
			);
			name = "Supporting Files";
			sourceTree = "<group>";
		};
		EF3602E91CFDCC0000ABD8AD /* RideGirlTests */ = {
			isa = PBXGroup;
			children = (
				EF3602EA1CFDCC0000ABD8AD /* RideGirlTests.m */,
				EF3602EC1CFDCC0000ABD8AD /* Info.plist */,
			);
			path = RideGirlTests;
			sourceTree = "<group>";
		};
		EF3602F41CFDCC0000ABD8AD /* RideGirlUITests */ = {
			isa = PBXGroup;
			children = (
				EF3602F51CFDCC0000ABD8AD /* RideGirlUITests.m */,
				EF3602F71CFDCC0000ABD8AD /* Info.plist */,
			);
			path = RideGirlUITests;
			sourceTree = "<group>";
		};
		EFA135C11D07255700FB6964 /* Controller */ = {
			isa = PBXGroup;
			children = (
				EFA7CB9B1CFED8D00097FA52 /* LHBEssenceViewController.h */,
				EFA7CB9C1CFED8D00097FA52 /* LHBEssenceViewController.m */,
				EFC598131D0C046900BA2153 /* LHBAllViewController.h */,
				EFC598141D0C046900BA2153 /* LHBAllViewController.m */,
				EFC598161D0C047E00BA2153 /* LHBVideoViewController.h */,
				EFC598171D0C047E00BA2153 /* LHBVideoViewController.m */,
				EFC598191D0C04A900BA2153 /* LHBVoiceViewController.h */,
				EFC5981A1D0C04A900BA2153 /* LHBVoiceViewController.m */,
				EFC5981C1D0C04BB00BA2153 /* LHBPictureViewController.h */,
				EFC5981D1D0C04BB00BA2153 /* LHBPictureViewController.m */,
				EFC5981F1D0C04D300BA2153 /* LHBWordViewController.h */,
				EFC598201D0C04D300BA2153 /* LHBWordViewController.m */,
				EFA135BE1D07203900FB6964 /* LHBRecommendTagsTableViewController.h */,
				EFA135BF1D07203900FB6964 /* LHBRecommendTagsTableViewController.m */,
				EFA3518E1D1ADE7A00AAE9B7 /* LHBShowPictureViewController.h */,
				EFA3518F1D1ADE7A00AAE9B7 /* LHBShowPictureViewController.m */,
				EFA351901D1ADE7A00AAE9B7 /* LHBShowPictureViewController.xib */,
				EFFCC46C1D26BDB500FF1715 /* LHBCommentViewController.h */,
				EFFCC46D1D26BDB500FF1715 /* LHBCommentViewController.m */,
				EFFCC46E1D26BDB500FF1715 /* LHBCommentViewController.xib */,
			);
			name = Controller;
			sourceTree = "<group>";
		};
		EFA135C21D07257000FB6964 /* View */ = {
			isa = PBXGroup;
			children = (
				EFE5D9081D1C1ADA0029E0FF /* LHBProgressView.h */,
				EFE5D9091D1C1ADA0029E0FF /* LHBProgressView.m */,
				EFA135C71D07272F00FB6964 /* LHBRecommendTagsTableViewCell.h */,
				EFA135C81D07272F00FB6964 /* LHBRecommendTagsTableViewCell.m */,
				EFA135C91D07272F00FB6964 /* LHBRecommendTagsTableViewCell.xib */,
				EFDB07D71D0D9C220035303F /* LHBWordTableViewCell.h */,
				EFDB07D81D0D9C220035303F /* LHBWordTableViewCell.m */,
				EFDB07D91D0D9C220035303F /* LHBWordTableViewCell.xib */,
				EFB3B0721D11AAC70016EB15 /* LHBWordPictureView.h */,
				EFB3B0731D11AAC70016EB15 /* LHBWordPictureView.m */,
				EFB3B0751D11AB120016EB15 /* LHBWordPictureView.xib */,
				EFDA037D1D217516005C6CD0 /* LHBWordVoiceView.h */,
				EFDA037E1D217516005C6CD0 /* LHBWordVoiceView.m */,
				EFDA037B1D2174F4005C6CD0 /* LHBWordVoiceView.xib */,
				EFCEB64E1D22BC1B00E58D28 /* LHBWordVideoView.h */,
				EFCEB64F1D22BC1B00E58D28 /* LHBWordVideoView.m */,
				EFCEB6511D22BC4700E58D28 /* LHBWordVideoView.xib */,
				EF6E85611D27E33600867CC5 /* LHBCommentHeaderView.h */,
				EF6E85621D27E33600867CC5 /* LHBCommentHeaderView.m */,
				EF38A5731D280605002BE631 /* LHBCommentCell.h */,
				EF38A5741D280605002BE631 /* LHBCommentCell.m */,
				EF38A5751D280605002BE631 /* LHBCommentCell.xib */,
				EF3477BE1D2F7C7A0023CD3D /* LHBVideoPlayBtn.h */,
				EF3477BF1D2F7C7A0023CD3D /* LHBVideoPlayBtn.m */,
				EF3478071D2F99A70023CD3D /* LHBVoicePlayBtn.h */,
				EF3478081D2F99A70023CD3D /* LHBVoicePlayBtn.m */,
			);
			name = View;
			sourceTree = "<group>";
		};
		EFA135C31D07257B00FB6964 /* Model */ = {
			isa = PBXGroup;
			children = (
				EFA135C41D0725A500FB6964 /* LHBRecommendTagsModel.h */,
				EFA135C51D0725A500FB6964 /* LHBRecommendTagsModel.m */,
				EF85D06F1D0C40B000547377 /* LHBWordModel.h */,
				EF85D0701D0C40B000547377 /* LHBWordModel.m */,
				EF58DA2E1D255DB700E883D8 /* LHBUser.h */,
				EF58DA2F1D255DB700E883D8 /* LHBUser.m */,
				EF58DA311D255FEB00E883D8 /* LHBComment.h */,
				EF58DA321D255FEB00E883D8 /* LHBComment.m */,
			);
			name = Model;
			sourceTree = "<group>";
		};
		EFA7CB8E1CFED8D00097FA52 /* Extension */ = {
			isa = PBXGroup;
			children = (
				EF1E06651D0C58F10083570E /* LHBConst.h */,
				EF1E06661D0C58F10083570E /* LHBConst.m */,
				EFA7CB8F1CFED8D00097FA52 /* UIBarButtonItem+LHBUIBarButtonItemExtension.h */,
				EFA7CB901CFED8D00097FA52 /* UIBarButtonItem+LHBUIBarButtonItemExtension.m */,
				EFA7CB911CFED8D00097FA52 /* UIView+LHBFrameExtension.h */,
				EFA7CB921CFED8D00097FA52 /* UIView+LHBFrameExtension.m */,
				EF27B4561D0DC19D004A2E33 /* NSDate+LHBDateExtension.h */,
				EF27B4571D0DC19D004A2E33 /* NSDate+LHBDateExtension.m */,
				EF425DFF1D291DFA00905C95 /* UIImage+LHBUIImageExtension.h */,
				EF425E001D291DFA00905C95 /* UIImage+LHBUIImageExtension.m */,
			);
			path = Extension;
			sourceTree = "<group>";
		};
		EFA7CB931CFED8D00097FA52 /* Libs */ = {
			isa = PBXGroup;
			children = (
			);
			path = Libs;
			sourceTree = "<group>";
		};
		EFA7CB941CFED8D00097FA52 /* MainRideGirl */ = {
			isa = PBXGroup;
			children = (
				EFA7CB951CFED8D00097FA52 /* BaseRideGirl */,
				EFA7CB9A1CFED8D00097FA52 /* Essence */,
				EFA7CB9D1CFED8D00097FA52 /* FriendTrends */,
				EFA7CBA01CFED8D00097FA52 /* Me */,
				EFA7CBA31CFED8D00097FA52 /* New */,
				EFFD033A1D0AFED700762237 /* Other */,
			);
			path = MainRideGirl;
			sourceTree = "<group>";
		};
		EFA7CB951CFED8D00097FA52 /* BaseRideGirl */ = {
			isa = PBXGroup;
			children = (
				EFA7CB961CFED8D00097FA52 /* LHBTabBar.h */,
				EFA7CB971CFED8D00097FA52 /* LHBTabBar.m */,
				EFA7CB981CFED8D00097FA52 /* LHBTabBarViewController.h */,
				EFA7CB991CFED8D00097FA52 /* LHBTabBarViewController.m */,
				EFA7CBB11CFEE2370097FA52 /* LHBUINavigationController.h */,
				EFA7CBB21CFEE2370097FA52 /* LHBUINavigationController.m */,
				EFA7CBAE1CFED90D0097FA52 /* AppDelegate.h */,
				EFA7CBAF1CFED90D0097FA52 /* AppDelegate.m */,
			);
			path = BaseRideGirl;
			sourceTree = "<group>";
		};
		EFA7CB9A1CFED8D00097FA52 /* Essence */ = {
			isa = PBXGroup;
			children = (
				EFA135C11D07255700FB6964 /* Controller */,
				EFA135C21D07257000FB6964 /* View */,
				EFA135C31D07257B00FB6964 /* Model */,
			);
			path = Essence;
			sourceTree = "<group>";
		};
		EFA7CB9D1CFED8D00097FA52 /* FriendTrends */ = {
			isa = PBXGroup;
			children = (
				EF09C70E1CFF2BA600F95B28 /* Controller */,
				EF09C70F1CFF2BC400F95B28 /* Model */,
				EF09C7101CFF2BDD00F95B28 /* View */,
			);
			path = FriendTrends;
			sourceTree = "<group>";
		};
		EFA7CBA01CFED8D00097FA52 /* Me */ = {
			isa = PBXGroup;
			children = (
				EFE94E5D1D2D4253003283F8 /* Controller */,
				EFE94E5F1D2D4264003283F8 /* Model */,
				EFE94E5E1D2D425C003283F8 /* View */,
			);
			path = Me;
			sourceTree = "<group>";
		};
		EFA7CBA31CFED8D00097FA52 /* New */ = {
			isa = PBXGroup;
			children = (
				EFA7CBA41CFED8D00097FA52 /* LHBNewViewController.h */,
				EFA7CBA51CFED8D00097FA52 /* LHBNewViewController.m */,
			);
			path = New;
			sourceTree = "<group>";
		};
		EFB3B2EC1D1EBFDF0030CAB4 /* Controller */ = {
			isa = PBXGroup;
			children = (
				EFB3B2EF1D1EC0260030CAB4 /* LHBPublishViewController.h */,
				EFB3B2F01D1EC0260030CAB4 /* LHBPublishViewController.m */,
				EFB3B2F11D1EC0260030CAB4 /* LHBPublishViewController.xib */,
			);
			name = Controller;
			sourceTree = "<group>";
		};
		EFB3B2ED1D1EBFFB0030CAB4 /* View */ = {
			isa = PBXGroup;
			children = (
				EFFD033B1D0AFEFB00762237 /* LHBPushGuideView.h */,
				EFFD033C1D0AFEFB00762237 /* LHBPushGuideView.m */,
				EFFD033E1D0AFF0900762237 /* LHBPushGuideView.xib */,
				EF38A5781D282947002BE631 /* LHBTopWindow.h */,
				EF38A5791D282947002BE631 /* LHBTopWindow.m */,
			);
			name = View;
			sourceTree = "<group>";
		};
		EFB3B2EE1D1EC0060030CAB4 /* Model */ = {
			isa = PBXGroup;
			children = (
			);
			name = Model;
			sourceTree = "<group>";
		};
		EFE94E5D1D2D4253003283F8 /* Controller */ = {
			isa = PBXGroup;
			children = (
				EFA7CBA11CFED8D00097FA52 /* LHBMeViewController.h */,
				EFA7CBA21CFED8D00097FA52 /* LHBMeViewController.m */,
				EF0AF9721D2E97F800E6CE11 /* LHBMeWebViewViewController.h */,
				EF0AF9731D2E97F800E6CE11 /* LHBMeWebViewViewController.m */,
				EF0AF9741D2E97F800E6CE11 /* LHBMeWebViewViewController.xib */,
			);
			name = Controller;
			sourceTree = "<group>";
		};
		EFE94E5E1D2D425C003283F8 /* View */ = {
			isa = PBXGroup;
			children = (
				EFE94E601D2D4284003283F8 /* LHBMeCell.h */,
				EFE94E611D2D4284003283F8 /* LHBMeCell.m */,
				EFE94E631D2D472D003283F8 /* LHBMeFootView.h */,
				EFE94E641D2D472D003283F8 /* LHBMeFootView.m */,
				EFE94E691D2D4F5F003283F8 /* LHBMeCustomButton.h */,
				EFE94E6A1D2D4F5F003283F8 /* LHBMeCustomButton.m */,
			);
			name = View;
			sourceTree = "<group>";
		};
		EFE94E5F1D2D4264003283F8 /* Model */ = {
			isa = PBXGroup;
			children = (
				EFE94E661D2D4AB3003283F8 /* LHBMeModel.h */,
				EFE94E671D2D4AB3003283F8 /* LHBMeModel.m */,
			);
			name = Model;
			sourceTree = "<group>";
		};
		EFFD033A1D0AFED700762237 /* Other */ = {
			isa = PBXGroup;
			children = (
				EFB3B2EE1D1EC0060030CAB4 /* Model */,
				EFB3B2ED1D1EBFFB0030CAB4 /* View */,
				EFB3B2EC1D1EBFDF0030CAB4 /* Controller */,
			);
			name = Other;
			path = New;
			sourceTree = "<group>";
		};
/* End PBXGroup section */

/* Begin PBXNativeTarget section */
		EF3602CC1CFDCC0000ABD8AD /* RideGirl */ = {
			isa = PBXNativeTarget;
			buildConfigurationList = EF3602FA1CFDCC0000ABD8AD /* Build configuration list for PBXNativeTarget "RideGirl" */;
			buildPhases = (
				51D95599377942324F2FDC89 /* Check Pods Manifest.lock */,
				EF3602C91CFDCC0000ABD8AD /* Sources */,
				EF3602CA1CFDCC0000ABD8AD /* Frameworks */,
				EF3602CB1CFDCC0000ABD8AD /* Resources */,
				246A3EF45E080B8F077F6CEA /* Embed Pods Frameworks */,
				55796770D2E531FC569A83BA /* Copy Pods Resources */,
			);
			buildRules = (
			);
			dependencies = (
			);
			name = RideGirl;
			productName = RideGirl;
			productReference = EF3602CD1CFDCC0000ABD8AD /* RideGirl.app */;
			productType = "com.apple.product-type.application";
		};
		EF3602E51CFDCC0000ABD8AD /* RideGirlTests */ = {
			isa = PBXNativeTarget;
			buildConfigurationList = EF3602FD1CFDCC0000ABD8AD /* Build configuration list for PBXNativeTarget "RideGirlTests" */;
			buildPhases = (
				EF3602E21CFDCC0000ABD8AD /* Sources */,
				EF3602E31CFDCC0000ABD8AD /* Frameworks */,
				EF3602E41CFDCC0000ABD8AD /* Resources */,
			);
			buildRules = (
			);
			dependencies = (
				EF3602E81CFDCC0000ABD8AD /* PBXTargetDependency */,
			);
			name = RideGirlTests;
			productName = RideGirlTests;
			productReference = EF3602E61CFDCC0000ABD8AD /* RideGirlTests.xctest */;
			productType = "com.apple.product-type.bundle.unit-test";
		};
		EF3602F01CFDCC0000ABD8AD /* RideGirlUITests */ = {
			isa = PBXNativeTarget;
			buildConfigurationList = EF3603001CFDCC0000ABD8AD /* Build configuration list for PBXNativeTarget "RideGirlUITests" */;
			buildPhases = (
				EF3602ED1CFDCC0000ABD8AD /* Sources */,
				EF3602EE1CFDCC0000ABD8AD /* Frameworks */,
				EF3602EF1CFDCC0000ABD8AD /* Resources */,
			);
			buildRules = (
			);
			dependencies = (
				EF3602F31CFDCC0000ABD8AD /* PBXTargetDependency */,
			);
			name = RideGirlUITests;
			productName = RideGirlUITests;
			productReference = EF3602F11CFDCC0000ABD8AD /* RideGirlUITests.xctest */;
			productType = "com.apple.product-type.bundle.ui-testing";
		};
/* End PBXNativeTarget section */

/* Begin PBXProject section */
		EF3602C51CFDCC0000ABD8AD /* Project object */ = {
			isa = PBXProject;
			attributes = {
				CLASSPREFIX = LHB;
				LastUpgradeCheck = 0730;
				ORGANIZATIONNAME = LHB;
				TargetAttributes = {
					EF3602CC1CFDCC0000ABD8AD = {
						CreatedOnToolsVersion = 7.3;
						DevelopmentTeam = 52GUR5R28T;
					};
					EF3602E51CFDCC0000ABD8AD = {
						CreatedOnToolsVersion = 7.3;
						DevelopmentTeam = 52GUR5R28T;
						TestTargetID = EF3602CC1CFDCC0000ABD8AD;
					};
					EF3602F01CFDCC0000ABD8AD = {
						CreatedOnToolsVersion = 7.3;
						DevelopmentTeam = 52GUR5R28T;
						TestTargetID = EF3602CC1CFDCC0000ABD8AD;
					};
				};
			};
			buildConfigurationList = EF3602C81CFDCC0000ABD8AD /* Build configuration list for PBXProject "RideGirl" */;
			compatibilityVersion = "Xcode 3.2";
			developmentRegion = English;
			hasScannedForEncodings = 0;
			knownRegions = (
				en,
				Base,
			);
			mainGroup = EF3602C41CFDCC0000ABD8AD;
			productRefGroup = EF3602CE1CFDCC0000ABD8AD /* Products */;
			projectDirPath = "";
			projectRoot = "";
			targets = (
				EF3602CC1CFDCC0000ABD8AD /* RideGirl */,
				EF3602E51CFDCC0000ABD8AD /* RideGirlTests */,
				EF3602F01CFDCC0000ABD8AD /* RideGirlUITests */,
			);
		};
/* End PBXProject section */

/* Begin PBXResourcesBuildPhase section */
		EF3602CB1CFDCC0000ABD8AD /* Resources */ = {
			isa = PBXResourcesBuildPhase;
			buildActionMask = 2147483647;
			files = (
				EFDA037C1D2174F4005C6CD0 /* LHBWordVoiceView.xib in Resources */,
				EF3603071CFDCD6C00ABD8AD /* Assets.xcassets in Resources */,
				EF0AF9761D2E97F800E6CE11 /* LHBMeWebViewViewController.xib in Resources */,
				EFB3B2F31D1EC0260030CAB4 /* LHBPublishViewController.xib in Resources */,
				EF09C7151CFF2C8E00F95B28 /* LHBRecommendCell.xib in Resources */,
				EFA135CB1D07272F00FB6964 /* LHBRecommendTagsTableViewCell.xib in Resources */,
				EFCEB6521D22BC4700E58D28 /* LHBWordVideoView.xib in Resources */,
				EF69DC8D1D008E96007CE788 /* LHBRecommendRightCell.xib in Resources */,
				EFB3B0761D11AB120016EB15 /* LHBWordPictureView.xib in Resources */,
				EFFD033F1D0AFF0900762237 /* LHBPushGuideView.xib in Resources */,
				EF1691651D09984B00913827 /* LHBLoginRegisterViewController.xib in Resources */,
				EF09C7081CFF156D00F95B28 /* LHBFriendTrendsViewController.xib in Resources */,
				EFFCC4701D26BDB500FF1715 /* LHBCommentViewController.xib in Resources */,
				EF38A5771D280605002BE631 /* LHBCommentCell.xib in Resources */,
				EF09C70D1CFF1D5800F95B28 /* LHBRecommendViewController.xib in Resources */,
				EFDB07DB1D0D9C220035303F /* LHBWordTableViewCell.xib in Resources */,
				EFA351921D1ADE7A00AAE9B7 /* LHBShowPictureViewController.xib in Resources */,
			);
			runOnlyForDeploymentPostprocessing = 0;
		};
		EF3602E41CFDCC0000ABD8AD /* Resources */ = {
			isa = PBXResourcesBuildPhase;
			buildActionMask = 2147483647;
			files = (
			);
			runOnlyForDeploymentPostprocessing = 0;
		};
		EF3602EF1CFDCC0000ABD8AD /* Resources */ = {
			isa = PBXResourcesBuildPhase;
			buildActionMask = 2147483647;
			files = (
			);
			runOnlyForDeploymentPostprocessing = 0;
		};
/* End PBXResourcesBuildPhase section */

/* Begin PBXShellScriptBuildPhase section */
		246A3EF45E080B8F077F6CEA /* Embed Pods Frameworks */ = {
			isa = PBXShellScriptBuildPhase;
			buildActionMask = 2147483647;
			files = (
			);
			inputPaths = (
			);
			name = "Embed Pods Frameworks";
			outputPaths = (
			);
			runOnlyForDeploymentPostprocessing = 0;
			shellPath = /bin/sh;
			shellScript = "\"${SRCROOT}/Pods/Target Support Files/Pods-RideGirl/Pods-RideGirl-frameworks.sh\"\n";
			showEnvVarsInLog = 0;
		};
		51D95599377942324F2FDC89 /* Check Pods Manifest.lock */ = {
			isa = PBXShellScriptBuildPhase;
			buildActionMask = 2147483647;
			files = (
			);
			inputPaths = (
			);
			name = "Check Pods Manifest.lock";
			outputPaths = (
			);
			runOnlyForDeploymentPostprocessing = 0;
			shellPath = /bin/sh;
			shellScript = "diff \"${PODS_ROOT}/../Podfile.lock\" \"${PODS_ROOT}/Manifest.lock\" > /dev/null\nif [[ $? != 0 ]] ; then\n    cat << EOM\nerror: The sandbox is not in sync with the Podfile.lock. Run 'pod install' or update your CocoaPods installation.\nEOM\n    exit 1\nfi\n";
			showEnvVarsInLog = 0;
		};
		55796770D2E531FC569A83BA /* Copy Pods Resources */ = {
			isa = PBXShellScriptBuildPhase;
			buildActionMask = 2147483647;
			files = (
			);
			inputPaths = (
			);
			name = "Copy Pods Resources";
			outputPaths = (
			);
			runOnlyForDeploymentPostprocessing = 0;
			shellPath = /bin/sh;
			shellScript = "\"${SRCROOT}/Pods/Target Support Files/Pods-RideGirl/Pods-RideGirl-resources.sh\"\n";
			showEnvVarsInLog = 0;
		};
/* End PBXShellScriptBuildPhase section */

/* Begin PBXSourcesBuildPhase section */
		EF3602C91CFDCC0000ABD8AD /* Sources */ = {
			isa = PBXSourcesBuildPhase;
			buildActionMask = 2147483647;
			files = (
				EF58DA331D255FEB00E883D8 /* LHBComment.m in Sources */,
				EFA7CBB31CFEE2370097FA52 /* LHBUINavigationController.m in Sources */,
				EFA7CBA81CFED8D00097FA52 /* LHBTabBar.m in Sources */,
				EFE5D90A1D1C1ADA0029E0FF /* LHBProgressView.m in Sources */,
				EFA135C61D0725A500FB6964 /* LHBRecommendTagsModel.m in Sources */,
				EFFD033D1D0AFEFB00762237 /* LHBPushGuideView.m in Sources */,
				EFB3B2F21D1EC0260030CAB4 /* LHBPublishViewController.m in Sources */,
				EFE94E651D2D472D003283F8 /* LHBMeFootView.m in Sources */,
				EF69DC881D008D76007CE788 /* LHBRecommendRightModel.m in Sources */,
				EF85D0711D0C40B000547377 /* LHBWordModel.m in Sources */,
				EF3478091D2F99A70023CD3D /* LHBVoicePlayBtn.m in Sources */,
				EFE94E6B1D2D4F5F003283F8 /* LHBMeCustomButton.m in Sources */,
				EF062A281D0A7F4E00F189C1 /* LHBCusTomTextField.m in Sources */,
				EF38A57A1D282947002BE631 /* LHBTopWindow.m in Sources */,
				EFDA037F1D217516005C6CD0 /* LHBWordVoiceView.m in Sources */,
				EF58DA301D255DB700E883D8 /* LHBUser.m in Sources */,
				EF1691631D0997EE00913827 /* LHBLoginRegisterViewController.m in Sources */,
				EFC598151D0C046900BA2153 /* LHBAllViewController.m in Sources */,
				EFA7CBAC1CFED8D00097FA52 /* LHBMeViewController.m in Sources */,
				EFA135C01D07203900FB6964 /* LHBRecommendTagsTableViewController.m in Sources */,
				EFC5981B1D0C04A900BA2153 /* LHBVoiceViewController.m in Sources */,
				EFC598181D0C047E00BA2153 /* LHBVideoViewController.m in Sources */,
				EF09C7131CFF2C5D00F95B28 /* LHBRecommendCell.m in Sources */,
				EFA7CBAA1CFED8D00097FA52 /* LHBEssenceViewController.m in Sources */,
				EF6E85631D27E33600867CC5 /* LHBCommentHeaderView.m in Sources */,
				EFA351911D1ADE7A00AAE9B7 /* LHBShowPictureViewController.m in Sources */,
				EF3477C01D2F7C7A0023CD3D /* LHBVideoPlayBtn.m in Sources */,
				EF27B4581D0DC19D004A2E33 /* NSDate+LHBDateExtension.m in Sources */,
				EF09C7181CFF2CD500F95B28 /* LHBRecommendModel.m in Sources */,
				EFA7CBAD1CFED8D00097FA52 /* LHBNewViewController.m in Sources */,
				EFFCC46F1D26BDB500FF1715 /* LHBCommentViewController.m in Sources */,
				EFB3B0741D11AAC70016EB15 /* LHBWordPictureView.m in Sources */,
				EF1E06681D0C5D8A0083570E /* LHBWordViewController.m in Sources */,
				EF69DC8C1D008E96007CE788 /* LHBRecommendRightCell.m in Sources */,
				EFCEB6501D22BC1B00E58D28 /* LHBWordVideoView.m in Sources */,
				EF0AF9751D2E97F800E6CE11 /* LHBMeWebViewViewController.m in Sources */,
				EFE94E681D2D4AB3003283F8 /* LHBMeModel.m in Sources */,
				EFA135CA1D07272F00FB6964 /* LHBRecommendTagsTableViewCell.m in Sources */,
				EFA7CBB01CFED90D0097FA52 /* AppDelegate.m in Sources */,
				EFDB07DA1D0D9C220035303F /* LHBWordTableViewCell.m in Sources */,
				EFA7CBA61CFED8D00097FA52 /* UIBarButtonItem+LHBUIBarButtonItemExtension.m in Sources */,
				EFC5981E1D0C04BB00BA2153 /* LHBPictureViewController.m in Sources */,
				EF38A5761D280605002BE631 /* LHBCommentCell.m in Sources */,
				EF3602D21CFDCC0000ABD8AD /* main.m in Sources */,
				EF1691681D09B08200913827 /* LHBAutoLoginBtn.m in Sources */,
				EF425E011D291DFA00905C95 /* UIImage+LHBUIImageExtension.m in Sources */,
				EF09C70C1CFF1D5800F95B28 /* LHBRecommendViewController.m in Sources */,
				EF1E06671D0C58F10083570E /* LHBConst.m in Sources */,
				EFA7CBA71CFED8D00097FA52 /* UIView+LHBFrameExtension.m in Sources */,
				EFA7CBA91CFED8D00097FA52 /* LHBTabBarViewController.m in Sources */,
				EFE94E621D2D4284003283F8 /* LHBMeCell.m in Sources */,
				EFA7CBAB1CFED8D00097FA52 /* LHBFriendTrendsViewController.m in Sources */,
			);
			runOnlyForDeploymentPostprocessing = 0;
		};
		EF3602E21CFDCC0000ABD8AD /* Sources */ = {
			isa = PBXSourcesBuildPhase;
			buildActionMask = 2147483647;
			files = (
				EF3602EB1CFDCC0000ABD8AD /* RideGirlTests.m in Sources */,
			);
			runOnlyForDeploymentPostprocessing = 0;
		};
		EF3602ED1CFDCC0000ABD8AD /* Sources */ = {
			isa = PBXSourcesBuildPhase;
			buildActionMask = 2147483647;
			files = (
				EFE214C71D0EFD1700DCABAA /* LHBWordTableViewCell.m in Sources */,
				EF3602F61CFDCC0000ABD8AD /* RideGirlUITests.m in Sources */,
			);
			runOnlyForDeploymentPostprocessing = 0;
		};
/* End PBXSourcesBuildPhase section */

/* Begin PBXTargetDependency section */
		EF3602E81CFDCC0000ABD8AD /* PBXTargetDependency */ = {
			isa = PBXTargetDependency;
			target = EF3602CC1CFDCC0000ABD8AD /* RideGirl */;
			targetProxy = EF3602E71CFDCC0000ABD8AD /* PBXContainerItemProxy */;
		};
		EF3602F31CFDCC0000ABD8AD /* PBXTargetDependency */ = {
			isa = PBXTargetDependency;
			target = EF3602CC1CFDCC0000ABD8AD /* RideGirl */;
			targetProxy = EF3602F21CFDCC0000ABD8AD /* PBXContainerItemProxy */;
		};
/* End PBXTargetDependency section */

/* Begin XCBuildConfiguration section */
		EF3602F81CFDCC0000ABD8AD /* Debug */ = {
			isa = XCBuildConfiguration;
			buildSettings = {
				ALWAYS_SEARCH_USER_PATHS = NO;
				CLANG_ANALYZER_NONNULL = YES;
				CLANG_CXX_LANGUAGE_STANDARD = "gnu++0x";
				CLANG_CXX_LIBRARY = "libc++";
				CLANG_ENABLE_MODULES = YES;
				CLANG_ENABLE_OBJC_ARC = YES;
				CLANG_WARN_BOOL_CONVERSION = YES;
				CLANG_WARN_CONSTANT_CONVERSION = YES;
				CLANG_WARN_DIRECT_OBJC_ISA_USAGE = YES_ERROR;
				CLANG_WARN_EMPTY_BODY = YES;
				CLANG_WARN_ENUM_CONVERSION = YES;
				CLANG_WARN_INT_CONVERSION = YES;
				CLANG_WARN_OBJC_ROOT_CLASS = YES_ERROR;
				CLANG_WARN_UNREACHABLE_CODE = YES;
				CLANG_WARN__DUPLICATE_METHOD_MATCH = YES;
				"CODE_SIGN_IDENTITY[sdk=iphoneos*]" = "iPhone Developer";
				COPY_PHASE_STRIP = NO;
				DEBUG_INFORMATION_FORMAT = dwarf;
				ENABLE_STRICT_OBJC_MSGSEND = YES;
				ENABLE_TESTABILITY = YES;
				GCC_C_LANGUAGE_STANDARD = gnu99;
				GCC_DYNAMIC_NO_PIC = NO;
				GCC_NO_COMMON_BLOCKS = YES;
				GCC_OPTIMIZATION_LEVEL = 0;
				GCC_PREPROCESSOR_DEFINITIONS = (
					"DEBUG=1",
					"$(inherited)",
				);
				GCC_WARN_64_TO_32_BIT_CONVERSION = YES;
				GCC_WARN_ABOUT_RETURN_TYPE = YES_ERROR;
				GCC_WARN_UNDECLARED_SELECTOR = YES;
				GCC_WARN_UNINITIALIZED_AUTOS = YES_AGGRESSIVE;
				GCC_WARN_UNUSED_FUNCTION = YES;
				GCC_WARN_UNUSED_VARIABLE = YES;
				IPHONEOS_DEPLOYMENT_TARGET = 9.3;
				MTL_ENABLE_DEBUG_INFO = YES;
				ONLY_ACTIVE_ARCH = YES;
				SDKROOT = iphoneos;
				TARGETED_DEVICE_FAMILY = "1,2";
			};
			name = Debug;
		};
		EF3602F91CFDCC0000ABD8AD /* Release */ = {
			isa = XCBuildConfiguration;
			buildSettings = {
				ALWAYS_SEARCH_USER_PATHS = NO;
				CLANG_ANALYZER_NONNULL = YES;
				CLANG_CXX_LANGUAGE_STANDARD = "gnu++0x";
				CLANG_CXX_LIBRARY = "libc++";
				CLANG_ENABLE_MODULES = YES;
				CLANG_ENABLE_OBJC_ARC = YES;
				CLANG_WARN_BOOL_CONVERSION = YES;
				CLANG_WARN_CONSTANT_CONVERSION = YES;
				CLANG_WARN_DIRECT_OBJC_ISA_USAGE = YES_ERROR;
				CLANG_WARN_EMPTY_BODY = YES;
				CLANG_WARN_ENUM_CONVERSION = YES;
				CLANG_WARN_INT_CONVERSION = YES;
				CLANG_WARN_OBJC_ROOT_CLASS = YES_ERROR;
				CLANG_WARN_UNREACHABLE_CODE = YES;
				CLANG_WARN__DUPLICATE_METHOD_MATCH = YES;
				"CODE_SIGN_IDENTITY[sdk=iphoneos*]" = "iPhone Developer";
				COPY_PHASE_STRIP = NO;
				DEBUG_INFORMATION_FORMAT = "dwarf-with-dsym";
				ENABLE_NS_ASSERTIONS = NO;
				ENABLE_STRICT_OBJC_MSGSEND = YES;
				GCC_C_LANGUAGE_STANDARD = gnu99;
				GCC_NO_COMMON_BLOCKS = YES;
				GCC_WARN_64_TO_32_BIT_CONVERSION = YES;
				GCC_WARN_ABOUT_RETURN_TYPE = YES_ERROR;
				GCC_WARN_UNDECLARED_SELECTOR = YES;
				GCC_WARN_UNINITIALIZED_AUTOS = YES_AGGRESSIVE;
				GCC_WARN_UNUSED_FUNCTION = YES;
				GCC_WARN_UNUSED_VARIABLE = YES;
				IPHONEOS_DEPLOYMENT_TARGET = 9.3;
				MTL_ENABLE_DEBUG_INFO = NO;
				SDKROOT = iphoneos;
				TARGETED_DEVICE_FAMILY = "1,2";
				VALIDATE_PRODUCT = YES;
			};
			name = Release;
		};
		EF3602FB1CFDCC0000ABD8AD /* Debug */ = {
			isa = XCBuildConfiguration;
			baseConfigurationReference = D3068E2231FA0651355DB87D /* Pods-RideGirl.debug.xcconfig */;
			buildSettings = {
				ASSETCATALOG_COMPILER_APPICON_NAME = AppIcon;
				ASSETCATALOG_COMPILER_LAUNCHIMAGE_NAME = "Brand Assets";
				CODE_SIGN_IDENTITY = "iPhone Developer";
				"CODE_SIGN_IDENTITY[sdk=iphoneos*]" = "iPhone Developer";
				GCC_PREFIX_HEADER = RideGirl/PrefixHeader.pch;
				INFOPLIST_FILE = RideGirl/Info.plist;
				IPHONEOS_DEPLOYMENT_TARGET = 8.0;
				LD_RUNPATH_SEARCH_PATHS = "$(inherited) @executable_path/Frameworks";
				PRODUCT_BUNDLE_IDENTIFIER = lhb.companycompany;
				PRODUCT_NAME = "$(TARGET_NAME)";
				PROVISIONING_PROFILE = "";
				TARGETED_DEVICE_FAMILY = "1,2";
			};
			name = Debug;
		};
		EF3602FC1CFDCC0000ABD8AD /* Release */ = {
			isa = XCBuildConfiguration;
			baseConfigurationReference = B18E73453938C145A53A055B /* Pods-RideGirl.release.xcconfig */;
			buildSettings = {
				ASSETCATALOG_COMPILER_APPICON_NAME = AppIcon;
				ASSETCATALOG_COMPILER_LAUNCHIMAGE_NAME = "Brand Assets";
				CODE_SIGN_IDENTITY = "iPhone Developer";
				"CODE_SIGN_IDENTITY[sdk=iphoneos*]" = "iPhone Developer";
				GCC_PREFIX_HEADER = RideGirl/PrefixHeader.pch;
				INFOPLIST_FILE = RideGirl/Info.plist;
				IPHONEOS_DEPLOYMENT_TARGET = 8.0;
				LD_RUNPATH_SEARCH_PATHS = "$(inherited) @executable_path/Frameworks";
				PRODUCT_BUNDLE_IDENTIFIER = lhb.companycompany;
				PRODUCT_NAME = "$(TARGET_NAME)";
				PROVISIONING_PROFILE = "";
				TARGETED_DEVICE_FAMILY = "1,2";
			};
			name = Release;
		};
		EF3602FE1CFDCC0000ABD8AD /* Debug */ = {
			isa = XCBuildConfiguration;
			buildSettings = {
				BUNDLE_LOADER = "$(TEST_HOST)";
				INFOPLIST_FILE = RideGirlTests/Info.plist;
				LD_RUNPATH_SEARCH_PATHS = "$(inherited) @executable_path/Frameworks @loader_path/Frameworks";
				PRODUCT_BUNDLE_IDENTIFIER = com.lhb.company.RideGirlTests;
				PRODUCT_NAME = "$(TARGET_NAME)";
				TEST_HOST = "$(BUILT_PRODUCTS_DIR)/RideGirl.app/RideGirl";
			};
			name = Debug;
		};
		EF3602FF1CFDCC0000ABD8AD /* Release */ = {
			isa = XCBuildConfiguration;
			buildSettings = {
				BUNDLE_LOADER = "$(TEST_HOST)";
				INFOPLIST_FILE = RideGirlTests/Info.plist;
				LD_RUNPATH_SEARCH_PATHS = "$(inherited) @executable_path/Frameworks @loader_path/Frameworks";
				PRODUCT_BUNDLE_IDENTIFIER = com.lhb.company.RideGirlTests;
				PRODUCT_NAME = "$(TARGET_NAME)";
				TEST_HOST = "$(BUILT_PRODUCTS_DIR)/RideGirl.app/RideGirl";
			};
			name = Release;
		};
		EF3603011CFDCC0000ABD8AD /* Debug */ = {
			isa = XCBuildConfiguration;
			buildSettings = {
				INFOPLIST_FILE = RideGirlUITests/Info.plist;
				LD_RUNPATH_SEARCH_PATHS = "$(inherited) @executable_path/Frameworks @loader_path/Frameworks";
				PRODUCT_BUNDLE_IDENTIFIER = com.lhb.company.RideGirlUITests;
				PRODUCT_NAME = "$(TARGET_NAME)";
				TEST_TARGET_NAME = RideGirl;
			};
			name = Debug;
		};
		EF3603021CFDCC0000ABD8AD /* Release */ = {
			isa = XCBuildConfiguration;
			buildSettings = {
				INFOPLIST_FILE = RideGirlUITests/Info.plist;
				LD_RUNPATH_SEARCH_PATHS = "$(inherited) @executable_path/Frameworks @loader_path/Frameworks";
				PRODUCT_BUNDLE_IDENTIFIER = com.lhb.company.RideGirlUITests;
				PRODUCT_NAME = "$(TARGET_NAME)";
				TEST_TARGET_NAME = RideGirl;
			};
			name = Release;
		};
/* End XCBuildConfiguration section */

/* Begin XCConfigurationList section */
		EF3602C81CFDCC0000ABD8AD /* Build configuration list for PBXProject "RideGirl" */ = {
			isa = XCConfigurationList;
			buildConfigurations = (
				EF3602F81CFDCC0000ABD8AD /* Debug */,
				EF3602F91CFDCC0000ABD8AD /* Release */,
			);
			defaultConfigurationIsVisible = 0;
			defaultConfigurationName = Release;
		};
		EF3602FA1CFDCC0000ABD8AD /* Build configuration list for PBXNativeTarget "RideGirl" */ = {
			isa = XCConfigurationList;
			buildConfigurations = (
				EF3602FB1CFDCC0000ABD8AD /* Debug */,
				EF3602FC1CFDCC0000ABD8AD /* Release */,
			);
			defaultConfigurationIsVisible = 0;
			defaultConfigurationName = Release;
		};
		EF3602FD1CFDCC0000ABD8AD /* Build configuration list for PBXNativeTarget "RideGirlTests" */ = {
			isa = XCConfigurationList;
			buildConfigurations = (
				EF3602FE1CFDCC0000ABD8AD /* Debug */,
				EF3602FF1CFDCC0000ABD8AD /* Release */,
			);
			defaultConfigurationIsVisible = 0;
			defaultConfigurationName = Release;
		};
		EF3603001CFDCC0000ABD8AD /* Build configuration list for PBXNativeTarget "RideGirlUITests" */ = {
			isa = XCConfigurationList;
			buildConfigurations = (
				EF3603011CFDCC0000ABD8AD /* Debug */,
				EF3603021CFDCC0000ABD8AD /* Release */,
			);
			defaultConfigurationIsVisible = 0;
			defaultConfigurationName = Release;
		};
/* End XCConfigurationList section */
	};
	rootObject = EF3602C51CFDCC0000ABD8AD /* Project object */;
}
